// !$*UTF8*$!
{
	archiveVersion = 1;
	classes = {
	};
	objectVersion = 46;
	objects = {

/* Begin PBXAggregateTarget section */
		"Crush::CrushPackageTests::ProductTarget" /* CrushPackageTests */ = {
			isa = PBXAggregateTarget;
			buildConfigurationList = OBJ_135 /* Build configuration list for PBXAggregateTarget "CrushPackageTests" */;
			buildPhases = (
			);
			dependencies = (
				OBJ_138 /* PBXTargetDependency */,
			);
			name = CrushPackageTests;
			productName = CrushPackageTests;
		};
/* End PBXAggregateTarget section */

/* Begin PBXBuildFile section */
		1514465E24D68B8500446B15 /* Assertions.swift in Sources */ = {isa = PBXBuildFile; fileRef = 1514465C24D68B8500446B15 /* Assertions.swift */; };
		1514465F24D68B8500446B15 /* Assertions.swift in Sources */ = {isa = PBXBuildFile; fileRef = 1514465C24D68B8500446B15 /* Assertions.swift */; };
		1514466024D68B8500446B15 /* XCTestCase+Assertions.swift in Sources */ = {isa = PBXBuildFile; fileRef = 1514465D24D68B8500446B15 /* XCTestCase+Assertions.swift */; };
		1514466124D68B8500446B15 /* XCTestCase+Assertions.swift in Sources */ = {isa = PBXBuildFile; fileRef = 1514465D24D68B8500446B15 /* XCTestCase+Assertions.swift */; };
		OBJ_100 /* PropertyProxy.swift in Sources */ = {isa = PBXBuildFile; fileRef = OBJ_33 /* PropertyProxy.swift */; };
		OBJ_101 /* ReadOnly+HashableEntity.swift in Sources */ = {isa = PBXBuildFile; fileRef = OBJ_34 /* ReadOnly+HashableEntity.swift */; };
		OBJ_102 /* ObjectModel.swift in Sources */ = {isa = PBXBuildFile; fileRef = OBJ_35 /* ObjectModel.swift */; };
		OBJ_103 /* EntityMapping.swift in Sources */ = {isa = PBXBuildFile; fileRef = OBJ_37 /* EntityMapping.swift */; };
		OBJ_104 /* MappingModelMerger.swift in Sources */ = {isa = PBXBuildFile; fileRef = OBJ_38 /* MappingModelMerger.swift */; };
		OBJ_105 /* MigrationModel.swift in Sources */ = {isa = PBXBuildFile; fileRef = OBJ_39 /* MigrationModel.swift */; };
		OBJ_106 /* Migrator.swift in Sources */ = {isa = PBXBuildFile; fileRef = OBJ_41 /* Migrator.swift */; };
		OBJ_107 /* SQLMigrator.swift in Sources */ = {isa = PBXBuildFile; fileRef = OBJ_42 /* SQLMigrator.swift */; };
		OBJ_108 /* PropertyMapping.swift in Sources */ = {isa = PBXBuildFile; fileRef = OBJ_43 /* PropertyMapping.swift */; };
		OBJ_109 /* CoreDataSchema.swift in Sources */ = {isa = PBXBuildFile; fileRef = OBJ_45 /* CoreDataSchema.swift */; };
		OBJ_110 /* Schema.swift in Sources */ = {isa = PBXBuildFile; fileRef = OBJ_46 /* Schema.swift */; };
		OBJ_111 /* VersionedSchema.swift in Sources */ = {isa = PBXBuildFile; fileRef = OBJ_47 /* VersionedSchema.swift */; };
		OBJ_112 /* DeleteBuilder.swift in Sources */ = {isa = PBXBuildFile; fileRef = OBJ_49 /* DeleteBuilder.swift */; };
		OBJ_113 /* FetchBuilder.swift in Sources */ = {isa = PBXBuildFile; fileRef = OBJ_50 /* FetchBuilder.swift */; };
		OBJ_114 /* InsertBuilder.swift in Sources */ = {isa = PBXBuildFile; fileRef = OBJ_51 /* InsertBuilder.swift */; };
		OBJ_115 /* Operators.swift in Sources */ = {isa = PBXBuildFile; fileRef = OBJ_52 /* Operators.swift */; };
		OBJ_116 /* RequestBuilder.swift in Sources */ = {isa = PBXBuildFile; fileRef = OBJ_53 /* RequestBuilder.swift */; };
		OBJ_117 /* SearchString.swift in Sources */ = {isa = PBXBuildFile; fileRef = OBJ_54 /* SearchString.swift */; };
		OBJ_118 /* UpdateBuilder.swift in Sources */ = {isa = PBXBuildFile; fileRef = OBJ_55 /* UpdateBuilder.swift */; };
		OBJ_119 /* Transaction.swift in Sources */ = {isa = PBXBuildFile; fileRef = OBJ_57 /* Transaction.swift */; };
		OBJ_120 /* TransactionContext.swift in Sources */ = {isa = PBXBuildFile; fileRef = OBJ_58 /* TransactionContext.swift */; };
		OBJ_121 /* Data+hexString.swift in Sources */ = {isa = PBXBuildFile; fileRef = OBJ_60 /* Data+hexString.swift */; };
		OBJ_122 /* KVOPublisher.swift in Sources */ = {isa = PBXBuildFile; fileRef = OBJ_61 /* KVOPublisher.swift */; };
		OBJ_123 /* KeyPath+helper.swift in Sources */ = {isa = PBXBuildFile; fileRef = OBJ_62 /* KeyPath+helper.swift */; };
		OBJ_124 /* NSManagedObject+helper.swift in Sources */ = {isa = PBXBuildFile; fileRef = OBJ_63 /* NSManagedObject+helper.swift */; };
		OBJ_125 /* Optional.swift in Sources */ = {isa = PBXBuildFile; fileRef = OBJ_64 /* Optional.swift */; };
		OBJ_126 /* ThreadSafe.swift in Sources */ = {isa = PBXBuildFile; fileRef = OBJ_65 /* ThreadSafe.swift */; };
		OBJ_133 /* Package.swift in Sources */ = {isa = PBXBuildFile; fileRef = OBJ_6 /* Package.swift */; };
		OBJ_144 /* DataModelTests.swift in Sources */ = {isa = PBXBuildFile; fileRef = OBJ_68 /* DataModelTests.swift */; };
		OBJ_146 /* Crush.framework in Frameworks */ = {isa = PBXBuildFile; fileRef = "Crush::Crush::Product" /* Crush.framework */; };
		OBJ_81 /* Connection.swift in Sources */ = {isa = PBXBuildFile; fileRef = OBJ_9 /* Connection.swift */; };
		OBJ_82 /* DataContainer+Type.swift in Sources */ = {isa = PBXBuildFile; fileRef = OBJ_10 /* DataContainer+Type.swift */; };
		OBJ_83 /* DataContainer.swift in Sources */ = {isa = PBXBuildFile; fileRef = OBJ_11 /* DataContainer.swift */; };
		OBJ_84 /* CacheCoordinator.swift in Sources */ = {isa = PBXBuildFile; fileRef = OBJ_14 /* CacheCoordinator.swift */; };
		OBJ_85 /* Bindable+HashableEntity.swift in Sources */ = {isa = PBXBuildFile; fileRef = OBJ_16 /* Bindable+HashableEntity.swift */; };
		OBJ_86 /* Index.swift in Sources */ = {isa = PBXBuildFile; fileRef = OBJ_18 /* Index.swift */; };
		OBJ_87 /* Unique.swift in Sources */ = {isa = PBXBuildFile; fileRef = OBJ_19 /* Unique.swift */; };
		OBJ_88 /* Validation.swift in Sources */ = {isa = PBXBuildFile; fileRef = OBJ_20 /* Validation.swift */; };
		OBJ_89 /* Editable+HashableEntity.swift in Sources */ = {isa = PBXBuildFile; fileRef = OBJ_21 /* Editable+HashableEntity.swift */; };
		OBJ_90 /* EntityObject.swift in Sources */ = {isa = PBXBuildFile; fileRef = OBJ_22 /* EntityObject.swift */; };
		OBJ_91 /* ManagedObject.swift in Sources */ = {isa = PBXBuildFile; fileRef = OBJ_23 /* ManagedObject.swift */; };
		OBJ_92 /* PrimitiveAttribute.swift in Sources */ = {isa = PBXBuildFile; fileRef = OBJ_24 /* PrimitiveAttribute.swift */; };
		OBJ_93 /* Property+Attribute.swift in Sources */ = {isa = PBXBuildFile; fileRef = OBJ_26 /* Property+Attribute.swift */; };
		OBJ_94 /* Property+Binding.swift in Sources */ = {isa = PBXBuildFile; fileRef = OBJ_27 /* Property+Binding.swift */; };
		OBJ_95 /* Property+Optional.swift in Sources */ = {isa = PBXBuildFile; fileRef = OBJ_28 /* Property+Optional.swift */; };
		OBJ_96 /* Property+Relationship.swift in Sources */ = {isa = PBXBuildFile; fileRef = OBJ_29 /* Property+Relationship.swift */; };
		OBJ_97 /* Property+Trasient.swift in Sources */ = {isa = PBXBuildFile; fileRef = OBJ_30 /* Property+Trasient.swift */; };
		OBJ_98 /* Property+Type.swift in Sources */ = {isa = PBXBuildFile; fileRef = OBJ_31 /* Property+Type.swift */; };
		OBJ_99 /* Property.swift in Sources */ = {isa = PBXBuildFile; fileRef = OBJ_32 /* Property.swift */; };
/* End PBXBuildFile section */

/* Begin PBXContainerItemProxy section */
		1514465924D68AA400446B15 /* PBXContainerItemProxy */ = {
			isa = PBXContainerItemProxy;
			containerPortal = OBJ_1 /* Project object */;
			proxyType = 1;
			remoteGlobalIDString = "Crush::Crush";
			remoteInfo = Crush;
		};
		1514465A24D68AA500446B15 /* PBXContainerItemProxy */ = {
			isa = PBXContainerItemProxy;
			containerPortal = OBJ_1 /* Project object */;
			proxyType = 1;
			remoteGlobalIDString = "Crush::CrushTests";
			remoteInfo = CrushTests;
		};
/* End PBXContainerItemProxy section */

/* Begin PBXFileReference section */
		1514465C24D68B8500446B15 /* Assertions.swift */ = {isa = PBXFileReference; fileEncoding = 4; lastKnownFileType = sourcecode.swift; path = Assertions.swift; sourceTree = "<group>"; };
		1514465D24D68B8500446B15 /* XCTestCase+Assertions.swift */ = {isa = PBXFileReference; fileEncoding = 4; lastKnownFileType = sourcecode.swift; path = "XCTestCase+Assertions.swift"; sourceTree = "<group>"; };
		"Crush::Crush::Product" /* Crush.framework */ = {isa = PBXFileReference; lastKnownFileType = wrapper.framework; path = Crush.framework; sourceTree = BUILT_PRODUCTS_DIR; };
		"Crush::CrushTests::Product" /* CrushTests.xctest */ = {isa = PBXFileReference; lastKnownFileType = file; path = CrushTests.xctest; sourceTree = BUILT_PRODUCTS_DIR; };
		OBJ_10 /* DataContainer+Type.swift */ = {isa = PBXFileReference; lastKnownFileType = sourcecode.swift; path = "DataContainer+Type.swift"; sourceTree = "<group>"; };
		OBJ_11 /* DataContainer.swift */ = {isa = PBXFileReference; lastKnownFileType = sourcecode.swift; path = DataContainer.swift; sourceTree = "<group>"; };
		OBJ_14 /* CacheCoordinator.swift */ = {isa = PBXFileReference; lastKnownFileType = sourcecode.swift; path = CacheCoordinator.swift; sourceTree = "<group>"; };
		OBJ_16 /* Bindable+HashableEntity.swift */ = {isa = PBXFileReference; lastKnownFileType = sourcecode.swift; path = "Bindable+HashableEntity.swift"; sourceTree = "<group>"; };
		OBJ_18 /* Index.swift */ = {isa = PBXFileReference; lastKnownFileType = sourcecode.swift; path = Index.swift; sourceTree = "<group>"; };
		OBJ_19 /* Unique.swift */ = {isa = PBXFileReference; lastKnownFileType = sourcecode.swift; path = Unique.swift; sourceTree = "<group>"; };
		OBJ_20 /* Validation.swift */ = {isa = PBXFileReference; lastKnownFileType = sourcecode.swift; path = Validation.swift; sourceTree = "<group>"; };
		OBJ_21 /* Editable+HashableEntity.swift */ = {isa = PBXFileReference; lastKnownFileType = sourcecode.swift; path = "Editable+HashableEntity.swift"; sourceTree = "<group>"; };
		OBJ_22 /* EntityObject.swift */ = {isa = PBXFileReference; lastKnownFileType = sourcecode.swift; path = EntityObject.swift; sourceTree = "<group>"; };
		OBJ_23 /* ManagedObject.swift */ = {isa = PBXFileReference; lastKnownFileType = sourcecode.swift; path = ManagedObject.swift; sourceTree = "<group>"; };
		OBJ_24 /* PrimitiveAttribute.swift */ = {isa = PBXFileReference; lastKnownFileType = sourcecode.swift; path = PrimitiveAttribute.swift; sourceTree = "<group>"; };
		OBJ_26 /* Property+Attribute.swift */ = {isa = PBXFileReference; lastKnownFileType = sourcecode.swift; path = "Property+Attribute.swift"; sourceTree = "<group>"; };
		OBJ_27 /* Property+Binding.swift */ = {isa = PBXFileReference; lastKnownFileType = sourcecode.swift; path = "Property+Binding.swift"; sourceTree = "<group>"; };
		OBJ_28 /* Property+Optional.swift */ = {isa = PBXFileReference; lastKnownFileType = sourcecode.swift; path = "Property+Optional.swift"; sourceTree = "<group>"; };
		OBJ_29 /* Property+Relationship.swift */ = {isa = PBXFileReference; lastKnownFileType = sourcecode.swift; path = "Property+Relationship.swift"; sourceTree = "<group>"; };
		OBJ_30 /* Property+Trasient.swift */ = {isa = PBXFileReference; lastKnownFileType = sourcecode.swift; path = "Property+Trasient.swift"; sourceTree = "<group>"; };
		OBJ_31 /* Property+Type.swift */ = {isa = PBXFileReference; lastKnownFileType = sourcecode.swift; path = "Property+Type.swift"; sourceTree = "<group>"; };
		OBJ_32 /* Property.swift */ = {isa = PBXFileReference; lastKnownFileType = sourcecode.swift; path = Property.swift; sourceTree = "<group>"; };
		OBJ_33 /* PropertyProxy.swift */ = {isa = PBXFileReference; lastKnownFileType = sourcecode.swift; path = PropertyProxy.swift; sourceTree = "<group>"; };
		OBJ_34 /* ReadOnly+HashableEntity.swift */ = {isa = PBXFileReference; lastKnownFileType = sourcecode.swift; path = "ReadOnly+HashableEntity.swift"; sourceTree = "<group>"; };
		OBJ_35 /* ObjectModel.swift */ = {isa = PBXFileReference; lastKnownFileType = sourcecode.swift; path = ObjectModel.swift; sourceTree = "<group>"; };
		OBJ_37 /* EntityMapping.swift */ = {isa = PBXFileReference; lastKnownFileType = sourcecode.swift; path = EntityMapping.swift; sourceTree = "<group>"; };
		OBJ_38 /* MappingModelMerger.swift */ = {isa = PBXFileReference; lastKnownFileType = sourcecode.swift; path = MappingModelMerger.swift; sourceTree = "<group>"; };
		OBJ_39 /* MigrationModel.swift */ = {isa = PBXFileReference; lastKnownFileType = sourcecode.swift; path = MigrationModel.swift; sourceTree = "<group>"; };
		OBJ_41 /* Migrator.swift */ = {isa = PBXFileReference; lastKnownFileType = sourcecode.swift; path = Migrator.swift; sourceTree = "<group>"; };
		OBJ_42 /* SQLMigrator.swift */ = {isa = PBXFileReference; lastKnownFileType = sourcecode.swift; path = SQLMigrator.swift; sourceTree = "<group>"; };
		OBJ_43 /* PropertyMapping.swift */ = {isa = PBXFileReference; lastKnownFileType = sourcecode.swift; path = PropertyMapping.swift; sourceTree = "<group>"; };
		OBJ_45 /* CoreDataSchema.swift */ = {isa = PBXFileReference; lastKnownFileType = sourcecode.swift; path = CoreDataSchema.swift; sourceTree = "<group>"; };
		OBJ_46 /* Schema.swift */ = {isa = PBXFileReference; lastKnownFileType = sourcecode.swift; path = Schema.swift; sourceTree = "<group>"; };
		OBJ_47 /* VersionedSchema.swift */ = {isa = PBXFileReference; lastKnownFileType = sourcecode.swift; path = VersionedSchema.swift; sourceTree = "<group>"; };
		OBJ_49 /* DeleteBuilder.swift */ = {isa = PBXFileReference; lastKnownFileType = sourcecode.swift; path = DeleteBuilder.swift; sourceTree = "<group>"; };
		OBJ_50 /* FetchBuilder.swift */ = {isa = PBXFileReference; lastKnownFileType = sourcecode.swift; path = FetchBuilder.swift; sourceTree = "<group>"; };
		OBJ_51 /* InsertBuilder.swift */ = {isa = PBXFileReference; lastKnownFileType = sourcecode.swift; path = InsertBuilder.swift; sourceTree = "<group>"; };
		OBJ_52 /* Operators.swift */ = {isa = PBXFileReference; lastKnownFileType = sourcecode.swift; path = Operators.swift; sourceTree = "<group>"; };
		OBJ_53 /* RequestBuilder.swift */ = {isa = PBXFileReference; lastKnownFileType = sourcecode.swift; path = RequestBuilder.swift; sourceTree = "<group>"; };
		OBJ_54 /* SearchString.swift */ = {isa = PBXFileReference; lastKnownFileType = sourcecode.swift; path = SearchString.swift; sourceTree = "<group>"; };
		OBJ_55 /* UpdateBuilder.swift */ = {isa = PBXFileReference; lastKnownFileType = sourcecode.swift; path = UpdateBuilder.swift; sourceTree = "<group>"; };
		OBJ_57 /* Transaction.swift */ = {isa = PBXFileReference; lastKnownFileType = sourcecode.swift; path = Transaction.swift; sourceTree = "<group>"; };
		OBJ_58 /* TransactionContext.swift */ = {isa = PBXFileReference; lastKnownFileType = sourcecode.swift; path = TransactionContext.swift; sourceTree = "<group>"; };
		OBJ_6 /* Package.swift */ = {isa = PBXFileReference; explicitFileType = sourcecode.swift; path = Package.swift; sourceTree = "<group>"; };
		OBJ_60 /* Data+hexString.swift */ = {isa = PBXFileReference; lastKnownFileType = sourcecode.swift; path = "Data+hexString.swift"; sourceTree = "<group>"; };
		OBJ_61 /* KVOPublisher.swift */ = {isa = PBXFileReference; lastKnownFileType = sourcecode.swift; path = KVOPublisher.swift; sourceTree = "<group>"; };
		OBJ_62 /* KeyPath+helper.swift */ = {isa = PBXFileReference; lastKnownFileType = sourcecode.swift; path = "KeyPath+helper.swift"; sourceTree = "<group>"; };
		OBJ_63 /* NSManagedObject+helper.swift */ = {isa = PBXFileReference; lastKnownFileType = sourcecode.swift; path = "NSManagedObject+helper.swift"; sourceTree = "<group>"; };
		OBJ_64 /* Optional.swift */ = {isa = PBXFileReference; lastKnownFileType = sourcecode.swift; path = Optional.swift; sourceTree = "<group>"; };
		OBJ_65 /* ThreadSafe.swift */ = {isa = PBXFileReference; lastKnownFileType = sourcecode.swift; path = ThreadSafe.swift; sourceTree = "<group>"; };
		OBJ_67 /* Info.plist */ = {isa = PBXFileReference; lastKnownFileType = text.plist.xml; path = Info.plist; sourceTree = "<group>"; };
		OBJ_68 /* DataModelTests.swift */ = {isa = PBXFileReference; lastKnownFileType = sourcecode.swift; path = DataModelTests.swift; sourceTree = "<group>"; };
		OBJ_73 /* LICENSE */ = {isa = PBXFileReference; lastKnownFileType = text; path = LICENSE; sourceTree = "<group>"; };
		OBJ_74 /* README.md */ = {isa = PBXFileReference; lastKnownFileType = net.daringfireball.markdown; path = README.md; sourceTree = "<group>"; };
		OBJ_75 /* Crush.podspec */ = {isa = PBXFileReference; lastKnownFileType = text; path = Crush.podspec; sourceTree = "<group>"; };
		OBJ_9 /* Connection.swift */ = {isa = PBXFileReference; lastKnownFileType = sourcecode.swift; path = Connection.swift; sourceTree = "<group>"; };
/* End PBXFileReference section */

/* Begin PBXFrameworksBuildPhase section */
		OBJ_127 /* Frameworks */ = {
			isa = PBXFrameworksBuildPhase;
			buildActionMask = 0;
			files = (
			);
			runOnlyForDeploymentPostprocessing = 0;
		};
		OBJ_145 /* Frameworks */ = {
			isa = PBXFrameworksBuildPhase;
			buildActionMask = 0;
			files = (
				OBJ_146 /* Crush.framework in Frameworks */,
			);
			runOnlyForDeploymentPostprocessing = 0;
		};
/* End PBXFrameworksBuildPhase section */

/* Begin PBXGroup section */
		1514465B24D68B8500446B15 /* Assertions */ = {
			isa = PBXGroup;
			children = (
				1514465C24D68B8500446B15 /* Assertions.swift */,
				1514465D24D68B8500446B15 /* XCTestCase+Assertions.swift */,
			);
			path = Assertions;
			sourceTree = "<group>";
		};
		OBJ_12 /* DataModel */ = {
			isa = PBXGroup;
			children = (
				OBJ_13 /* Cache */,
				OBJ_15 /* Entity */,
				OBJ_35 /* ObjectModel.swift */,
			);
			path = DataModel;
			sourceTree = "<group>";
		};
		OBJ_13 /* Cache */ = {
			isa = PBXGroup;
			children = (
				OBJ_14 /* CacheCoordinator.swift */,
			);
			path = Cache;
			sourceTree = "<group>";
		};
		OBJ_15 /* Entity */ = {
			isa = PBXGroup;
			children = (
				OBJ_16 /* Bindable+HashableEntity.swift */,
				OBJ_17 /* Constraint */,
				OBJ_21 /* Editable+HashableEntity.swift */,
				OBJ_22 /* EntityObject.swift */,
				OBJ_23 /* ManagedObject.swift */,
				OBJ_24 /* PrimitiveAttribute.swift */,
				OBJ_25 /* Property */,
				OBJ_33 /* PropertyProxy.swift */,
				OBJ_34 /* ReadOnly+HashableEntity.swift */,
			);
			path = Entity;
			sourceTree = "<group>";
		};
		OBJ_17 /* Constraint */ = {
			isa = PBXGroup;
			children = (
				OBJ_18 /* Index.swift */,
				OBJ_19 /* Unique.swift */,
				OBJ_20 /* Validation.swift */,
			);
			path = Constraint;
			sourceTree = "<group>";
		};
		OBJ_25 /* Property */ = {
			isa = PBXGroup;
			children = (
				OBJ_26 /* Property+Attribute.swift */,
				OBJ_27 /* Property+Binding.swift */,
				OBJ_28 /* Property+Optional.swift */,
				OBJ_29 /* Property+Relationship.swift */,
				OBJ_30 /* Property+Trasient.swift */,
				OBJ_31 /* Property+Type.swift */,
				OBJ_32 /* Property.swift */,
			);
			path = Property;
			sourceTree = "<group>";
		};
		OBJ_36 /* Migration */ = {
			isa = PBXGroup;
			children = (
				OBJ_37 /* EntityMapping.swift */,
				OBJ_38 /* MappingModelMerger.swift */,
				OBJ_39 /* MigrationModel.swift */,
				OBJ_40 /* Migrator */,
				OBJ_43 /* PropertyMapping.swift */,
				OBJ_44 /* Schema */,
			);
			path = Migration;
			sourceTree = "<group>";
		};
		OBJ_40 /* Migrator */ = {
			isa = PBXGroup;
			children = (
				OBJ_41 /* Migrator.swift */,
				OBJ_42 /* SQLMigrator.swift */,
			);
			path = Migrator;
			sourceTree = "<group>";
		};
		OBJ_44 /* Schema */ = {
			isa = PBXGroup;
			children = (
				OBJ_45 /* CoreDataSchema.swift */,
				OBJ_46 /* Schema.swift */,
				OBJ_47 /* VersionedSchema.swift */,
			);
			path = Schema;
			sourceTree = "<group>";
		};
		OBJ_48 /* QueryBuilder */ = {
			isa = PBXGroup;
			children = (
				OBJ_49 /* DeleteBuilder.swift */,
				OBJ_50 /* FetchBuilder.swift */,
				OBJ_51 /* InsertBuilder.swift */,
				OBJ_52 /* Operators.swift */,
				OBJ_53 /* RequestBuilder.swift */,
				OBJ_54 /* SearchString.swift */,
				OBJ_55 /* UpdateBuilder.swift */,
			);
			path = QueryBuilder;
			sourceTree = "<group>";
		};
		OBJ_5 /*  */ = {
			isa = PBXGroup;
			children = (
				OBJ_6 /* Package.swift */,
				OBJ_7 /* Sources */,
				OBJ_66 /* Tests */,
				OBJ_69 /* Products */,
				1514465B24D68B8500446B15 /* Assertions */,
				OBJ_73 /* LICENSE */,
				OBJ_74 /* README.md */,
				OBJ_75 /* Crush.podspec */,
			);
			name = "";
			sourceTree = "<group>";
		};
		OBJ_56 /* Transaction */ = {
			isa = PBXGroup;
			children = (
				OBJ_57 /* Transaction.swift */,
				OBJ_58 /* TransactionContext.swift */,
			);
			path = Transaction;
			sourceTree = "<group>";
		};
		OBJ_59 /* Utils */ = {
			isa = PBXGroup;
			children = (
				OBJ_60 /* Data+hexString.swift */,
				OBJ_61 /* KVOPublisher.swift */,
				OBJ_62 /* KeyPath+helper.swift */,
				OBJ_63 /* NSManagedObject+helper.swift */,
				OBJ_64 /* Optional.swift */,
				OBJ_65 /* ThreadSafe.swift */,
			);
			path = Utils;
			sourceTree = "<group>";
		};
		OBJ_66 /* Tests */ = {
			isa = PBXGroup;
			children = (
				OBJ_67 /* Info.plist */,
				OBJ_68 /* DataModelTests.swift */,
			);
			path = Tests;
			sourceTree = SOURCE_ROOT;
		};
		OBJ_69 /* Products */ = {
			isa = PBXGroup;
			children = (
				"Crush::Crush::Product" /* Crush.framework */,
				"Crush::CrushTests::Product" /* CrushTests.xctest */,
			);
			name = Products;
			sourceTree = BUILT_PRODUCTS_DIR;
		};
		OBJ_7 /* Sources */ = {
			isa = PBXGroup;
			children = (
				OBJ_8 /* DataContainer */,
				OBJ_12 /* DataModel */,
				OBJ_36 /* Migration */,
				OBJ_48 /* QueryBuilder */,
				OBJ_56 /* Transaction */,
				OBJ_59 /* Utils */,
			);
			path = Sources;
			sourceTree = SOURCE_ROOT;
		};
		OBJ_8 /* DataContainer */ = {
			isa = PBXGroup;
			children = (
				OBJ_9 /* Connection.swift */,
				OBJ_10 /* DataContainer+Type.swift */,
				OBJ_11 /* DataContainer.swift */,
			);
			path = DataContainer;
			sourceTree = "<group>";
		};
/* End PBXGroup section */

/* Begin PBXNativeTarget section */
		"Crush::Crush" /* Crush */ = {
			isa = PBXNativeTarget;
			buildConfigurationList = OBJ_77 /* Build configuration list for PBXNativeTarget "Crush" */;
			buildPhases = (
				OBJ_80 /* Sources */,
				OBJ_127 /* Frameworks */,
			);
			buildRules = (
			);
			dependencies = (
			);
			name = Crush;
			productName = Crush;
			productReference = "Crush::Crush::Product" /* Crush.framework */;
			productType = "com.apple.product-type.framework";
		};
		"Crush::CrushTests" /* CrushTests */ = {
			isa = PBXNativeTarget;
			buildConfigurationList = OBJ_140 /* Build configuration list for PBXNativeTarget "CrushTests" */;
			buildPhases = (
				OBJ_143 /* Sources */,
				OBJ_145 /* Frameworks */,
			);
			buildRules = (
			);
			dependencies = (
				OBJ_147 /* PBXTargetDependency */,
			);
			name = CrushTests;
			productName = CrushTests;
			productReference = "Crush::CrushTests::Product" /* CrushTests.xctest */;
			productType = "com.apple.product-type.bundle.unit-test";
		};
		"Crush::SwiftPMPackageDescription" /* CrushPackageDescription */ = {
			isa = PBXNativeTarget;
			buildConfigurationList = OBJ_129 /* Build configuration list for PBXNativeTarget "CrushPackageDescription" */;
			buildPhases = (
				OBJ_132 /* Sources */,
			);
			buildRules = (
			);
			dependencies = (
			);
			name = CrushPackageDescription;
			productName = CrushPackageDescription;
			productType = "com.apple.product-type.framework";
		};
/* End PBXNativeTarget section */

/* Begin PBXProject section */
		OBJ_1 /* Project object */ = {
			isa = PBXProject;
			attributes = {
				LastSwiftMigration = 9999;
				LastUpgradeCheck = 9999;
			};
			buildConfigurationList = OBJ_2 /* Build configuration list for PBXProject "Crush" */;
			compatibilityVersion = "Xcode 3.2";
			developmentRegion = en;
			hasScannedForEncodings = 0;
			knownRegions = (
				en,
			);
			mainGroup = OBJ_5 /*  */;
			productRefGroup = OBJ_69 /* Products */;
			projectDirPath = "";
			projectRoot = "";
			targets = (
				"Crush::Crush" /* Crush */,
				"Crush::SwiftPMPackageDescription" /* CrushPackageDescription */,
				"Crush::CrushPackageTests::ProductTarget" /* CrushPackageTests */,
				"Crush::CrushTests" /* CrushTests */,
			);
		};
/* End PBXProject section */

/* Begin PBXSourcesBuildPhase section */
		OBJ_132 /* Sources */ = {
			isa = PBXSourcesBuildPhase;
			buildActionMask = 0;
			files = (
				OBJ_133 /* Package.swift in Sources */,
			);
			runOnlyForDeploymentPostprocessing = 0;
		};
		OBJ_143 /* Sources */ = {
			isa = PBXSourcesBuildPhase;
			buildActionMask = 0;
			files = (
				1514466124D68B8500446B15 /* XCTestCase+Assertions.swift in Sources */,
				1514465F24D68B8500446B15 /* Assertions.swift in Sources */,
				OBJ_144 /* DataModelTests.swift in Sources */,
			);
			runOnlyForDeploymentPostprocessing = 0;
		};
		OBJ_80 /* Sources */ = {
			isa = PBXSourcesBuildPhase;
			buildActionMask = 0;
			files = (
				OBJ_81 /* Connection.swift in Sources */,
				OBJ_82 /* DataContainer+Type.swift in Sources */,
				OBJ_83 /* DataContainer.swift in Sources */,
				1514466024D68B8500446B15 /* XCTestCase+Assertions.swift in Sources */,
				1514465E24D68B8500446B15 /* Assertions.swift in Sources */,
				OBJ_84 /* CacheCoordinator.swift in Sources */,
				OBJ_85 /* Bindable+HashableEntity.swift in Sources */,
				OBJ_86 /* Index.swift in Sources */,
				OBJ_87 /* Unique.swift in Sources */,
				OBJ_88 /* Validation.swift in Sources */,
				OBJ_89 /* Editable+HashableEntity.swift in Sources */,
				OBJ_90 /* EntityObject.swift in Sources */,
				OBJ_91 /* ManagedObject.swift in Sources */,
				OBJ_92 /* PrimitiveAttribute.swift in Sources */,
				OBJ_93 /* Property+Attribute.swift in Sources */,
				OBJ_94 /* Property+Binding.swift in Sources */,
				OBJ_95 /* Property+Optional.swift in Sources */,
				OBJ_96 /* Property+Relationship.swift in Sources */,
				OBJ_97 /* Property+Trasient.swift in Sources */,
				OBJ_98 /* Property+Type.swift in Sources */,
				OBJ_99 /* Property.swift in Sources */,
				OBJ_100 /* PropertyProxy.swift in Sources */,
				OBJ_101 /* ReadOnly+HashableEntity.swift in Sources */,
				OBJ_102 /* ObjectModel.swift in Sources */,
				OBJ_103 /* EntityMapping.swift in Sources */,
				OBJ_104 /* MappingModelMerger.swift in Sources */,
				OBJ_105 /* MigrationModel.swift in Sources */,
				OBJ_106 /* Migrator.swift in Sources */,
				OBJ_107 /* SQLMigrator.swift in Sources */,
				OBJ_108 /* PropertyMapping.swift in Sources */,
				OBJ_109 /* CoreDataSchema.swift in Sources */,
				OBJ_110 /* Schema.swift in Sources */,
				OBJ_111 /* VersionedSchema.swift in Sources */,
				OBJ_112 /* DeleteBuilder.swift in Sources */,
				OBJ_113 /* FetchBuilder.swift in Sources */,
				OBJ_114 /* InsertBuilder.swift in Sources */,
				OBJ_115 /* Operators.swift in Sources */,
				OBJ_116 /* RequestBuilder.swift in Sources */,
				OBJ_117 /* SearchString.swift in Sources */,
				OBJ_118 /* UpdateBuilder.swift in Sources */,
				OBJ_119 /* Transaction.swift in Sources */,
				OBJ_120 /* TransactionContext.swift in Sources */,
				OBJ_121 /* Data+hexString.swift in Sources */,
				OBJ_122 /* KVOPublisher.swift in Sources */,
				OBJ_123 /* KeyPath+helper.swift in Sources */,
				OBJ_124 /* NSManagedObject+helper.swift in Sources */,
				OBJ_125 /* Optional.swift in Sources */,
				OBJ_126 /* ThreadSafe.swift in Sources */,
			);
			runOnlyForDeploymentPostprocessing = 0;
		};
/* End PBXSourcesBuildPhase section */

/* Begin PBXTargetDependency section */
		OBJ_138 /* PBXTargetDependency */ = {
			isa = PBXTargetDependency;
			target = "Crush::CrushTests" /* CrushTests */;
			targetProxy = 1514465A24D68AA500446B15 /* PBXContainerItemProxy */;
		};
		OBJ_147 /* PBXTargetDependency */ = {
			isa = PBXTargetDependency;
			target = "Crush::Crush" /* Crush */;
			targetProxy = 1514465924D68AA400446B15 /* PBXContainerItemProxy */;
		};
/* End PBXTargetDependency section */

/* Begin XCBuildConfiguration section */
		OBJ_130 /* Debug */ = {
			isa = XCBuildConfiguration;
			buildSettings = {
				LD = /usr/bin/true;
				OTHER_SWIFT_FLAGS = "-swift-version 5 -I $(TOOLCHAIN_DIR)/usr/lib/swift/pm/4_2 -target x86_64-apple-macosx10.10 -sdk /Applications/Xcode.app/Contents/Developer/Platforms/MacOSX.platform/Developer/SDKs/MacOSX10.15.sdk -package-description-version 5.1.0";
				SWIFT_VERSION = 5.0;
			};
			name = Debug;
		};
		OBJ_131 /* Release */ = {
			isa = XCBuildConfiguration;
			buildSettings = {
				LD = /usr/bin/true;
				OTHER_SWIFT_FLAGS = "-swift-version 5 -I $(TOOLCHAIN_DIR)/usr/lib/swift/pm/4_2 -target x86_64-apple-macosx10.10 -sdk /Applications/Xcode.app/Contents/Developer/Platforms/MacOSX.platform/Developer/SDKs/MacOSX10.15.sdk -package-description-version 5.1.0";
				SWIFT_VERSION = 5.0;
			};
			name = Release;
		};
		OBJ_136 /* Debug */ = {
			isa = XCBuildConfiguration;
			buildSettings = {
			};
			name = Debug;
		};
		OBJ_137 /* Release */ = {
			isa = XCBuildConfiguration;
			buildSettings = {
			};
			name = Release;
		};
		OBJ_141 /* Debug */ = {
			isa = XCBuildConfiguration;
			buildSettings = {
				CLANG_ENABLE_MODULES = YES;
				EMBEDDED_CONTENT_CONTAINS_SWIFT = YES;
				FRAMEWORK_SEARCH_PATHS = (
					"$(inherited)",
					"$(PLATFORM_DIR)/Developer/Library/Frameworks",
				);
				HEADER_SEARCH_PATHS = "$(inherited)";
				INFOPLIST_FILE = Crush.xcodeproj/CrushTests_Info.plist;
				IPHONEOS_DEPLOYMENT_TARGET = 11.0;
				LD_RUNPATH_SEARCH_PATHS = "$(inherited) @loader_path/../Frameworks @loader_path/Frameworks";
				MACOSX_DEPLOYMENT_TARGET = 10.13;
				OTHER_CFLAGS = "$(inherited)";
				OTHER_LDFLAGS = "$(inherited)";
				OTHER_SWIFT_FLAGS = "$(inherited)";
				SWIFT_ACTIVE_COMPILATION_CONDITIONS = "$(inherited)";
				SWIFT_VERSION = 5.0;
				TARGET_NAME = CrushTests;
				TVOS_DEPLOYMENT_TARGET = 9.0;
				WATCHOS_DEPLOYMENT_TARGET = 4.0;
			};
			name = Debug;
		};
		OBJ_142 /* Release */ = {
			isa = XCBuildConfiguration;
			buildSettings = {
				CLANG_ENABLE_MODULES = YES;
				EMBEDDED_CONTENT_CONTAINS_SWIFT = YES;
				FRAMEWORK_SEARCH_PATHS = (
					"$(inherited)",
					"$(PLATFORM_DIR)/Developer/Library/Frameworks",
				);
				HEADER_SEARCH_PATHS = "$(inherited)";
				INFOPLIST_FILE = Crush.xcodeproj/CrushTests_Info.plist;
				IPHONEOS_DEPLOYMENT_TARGET = 11.0;
				LD_RUNPATH_SEARCH_PATHS = "$(inherited) @loader_path/../Frameworks @loader_path/Frameworks";
				MACOSX_DEPLOYMENT_TARGET = 10.13;
				OTHER_CFLAGS = "$(inherited)";
				OTHER_LDFLAGS = "$(inherited)";
				OTHER_SWIFT_FLAGS = "$(inherited)";
				SWIFT_ACTIVE_COMPILATION_CONDITIONS = "$(inherited)";
				SWIFT_VERSION = 5.0;
				TARGET_NAME = CrushTests;
				TVOS_DEPLOYMENT_TARGET = 9.0;
				WATCHOS_DEPLOYMENT_TARGET = 4.0;
			};
			name = Release;
		};
		OBJ_3 /* Debug */ = {
			isa = XCBuildConfiguration;
			buildSettings = {
				CLANG_ENABLE_OBJC_ARC = YES;
				COMBINE_HIDPI_IMAGES = YES;
				COPY_PHASE_STRIP = NO;
				DEBUG_INFORMATION_FORMAT = dwarf;
				DYLIB_INSTALL_NAME_BASE = "@rpath";
				ENABLE_NS_ASSERTIONS = YES;
				GCC_OPTIMIZATION_LEVEL = 0;
				GCC_PREPROCESSOR_DEFINITIONS = (
					"$(inherited)",
					"SWIFT_PACKAGE=1",
					"DEBUG=1",
				);
				MACOSX_DEPLOYMENT_TARGET = 10.10;
				ONLY_ACTIVE_ARCH = YES;
				OTHER_SWIFT_FLAGS = "$(inherited) -DXcode";
				PRODUCT_NAME = "$(TARGET_NAME)";
				SDKROOT = macosx;
				SUPPORTED_PLATFORMS = "macosx iphoneos iphonesimulator appletvos appletvsimulator watchos watchsimulator";
				SWIFT_ACTIVE_COMPILATION_CONDITIONS = "$(inherited) SWIFT_PACKAGE DEBUG";
				SWIFT_OPTIMIZATION_LEVEL = "-Onone";
				USE_HEADERMAP = NO;
			};
			name = Debug;
		};
		OBJ_4 /* Release */ = {
			isa = XCBuildConfiguration;
			buildSettings = {
				CLANG_ENABLE_OBJC_ARC = YES;
				COMBINE_HIDPI_IMAGES = YES;
				COPY_PHASE_STRIP = YES;
				DEBUG_INFORMATION_FORMAT = "dwarf-with-dsym";
				DYLIB_INSTALL_NAME_BASE = "@rpath";
				GCC_OPTIMIZATION_LEVEL = s;
				GCC_PREPROCESSOR_DEFINITIONS = (
					"$(inherited)",
					"SWIFT_PACKAGE=1",
				);
				MACOSX_DEPLOYMENT_TARGET = 10.10;
				OTHER_SWIFT_FLAGS = "$(inherited) -DXcode";
				PRODUCT_NAME = "$(TARGET_NAME)";
				SDKROOT = macosx;
				SUPPORTED_PLATFORMS = "macosx iphoneos iphonesimulator appletvos appletvsimulator watchos watchsimulator";
				SWIFT_ACTIVE_COMPILATION_CONDITIONS = "$(inherited) SWIFT_PACKAGE";
				SWIFT_OPTIMIZATION_LEVEL = "-Owholemodule";
				USE_HEADERMAP = NO;
			};
			name = Release;
		};
		OBJ_78 /* Debug */ = {
			isa = XCBuildConfiguration;
			buildSettings = {
				ENABLE_TESTABILITY = YES;
				FRAMEWORK_SEARCH_PATHS = (
					"$(inherited)",
					"$(PLATFORM_DIR)/Developer/Library/Frameworks",
				);
				HEADER_SEARCH_PATHS = "$(inherited)";
				INFOPLIST_FILE = Crush.xcodeproj/Crush_Info.plist;
				IPHONEOS_DEPLOYMENT_TARGET = 11.0;
				LD_RUNPATH_SEARCH_PATHS = "$(inherited) $(TOOLCHAIN_DIR)/usr/lib/swift/macosx";
				MACOSX_DEPLOYMENT_TARGET = 10.13;
				OTHER_CFLAGS = "$(inherited)";
				OTHER_LDFLAGS = "$(inherited)";
				OTHER_SWIFT_FLAGS = "$(inherited)";
				PRODUCT_BUNDLE_IDENTIFIER = Crush;
				PRODUCT_MODULE_NAME = "$(TARGET_NAME:c99extidentifier)";
				PRODUCT_NAME = "$(TARGET_NAME:c99extidentifier)";
				SKIP_INSTALL = YES;
				SWIFT_ACTIVE_COMPILATION_CONDITIONS = "$(inherited)";
				SWIFT_VERSION = 5.0;
				TARGET_NAME = Crush;
				TVOS_DEPLOYMENT_TARGET = 9.0;
				WATCHOS_DEPLOYMENT_TARGET = 4.0;
			};
			name = Debug;
		};
		OBJ_79 /* Release */ = {
			isa = XCBuildConfiguration;
			buildSettings = {
				ENABLE_TESTABILITY = YES;
				FRAMEWORK_SEARCH_PATHS = (
					"$(inherited)",
					"$(PLATFORM_DIR)/Developer/Library/Frameworks",
				);
				HEADER_SEARCH_PATHS = "$(inherited)";
				INFOPLIST_FILE = Crush.xcodeproj/Crush_Info.plist;
				IPHONEOS_DEPLOYMENT_TARGET = 11.0;
				LD_RUNPATH_SEARCH_PATHS = "$(inherited) $(TOOLCHAIN_DIR)/usr/lib/swift/macosx";
				MACOSX_DEPLOYMENT_TARGET = 10.13;
				OTHER_CFLAGS = "$(inherited)";
				OTHER_LDFLAGS = "$(inherited)";
				OTHER_SWIFT_FLAGS = "$(inherited)";
				PRODUCT_BUNDLE_IDENTIFIER = Crush;
				PRODUCT_MODULE_NAME = "$(TARGET_NAME:c99extidentifier)";
				PRODUCT_NAME = "$(TARGET_NAME:c99extidentifier)";
				SKIP_INSTALL = YES;
				SWIFT_ACTIVE_COMPILATION_CONDITIONS = "$(inherited)";
				SWIFT_VERSION = 5.0;
				TARGET_NAME = Crush;
				TVOS_DEPLOYMENT_TARGET = 9.0;
				WATCHOS_DEPLOYMENT_TARGET = 4.0;
			};
			name = Release;
		};
/* End XCBuildConfiguration section */

/* Begin XCConfigurationList section */
		OBJ_129 /* Build configuration list for PBXNativeTarget "CrushPackageDescription" */ = {
			isa = XCConfigurationList;
			buildConfigurations = (
				OBJ_130 /* Debug */,
				OBJ_131 /* Release */,
			);
			defaultConfigurationIsVisible = 0;
			defaultConfigurationName = Release;
		};
		OBJ_135 /* Build configuration list for PBXAggregateTarget "CrushPackageTests" */ = {
			isa = XCConfigurationList;
			buildConfigurations = (
				OBJ_136 /* Debug */,
				OBJ_137 /* Release */,
			);
			defaultConfigurationIsVisible = 0;
			defaultConfigurationName = Release;
		};
		OBJ_140 /* Build configuration list for PBXNativeTarget "CrushTests" */ = {
			isa = XCConfigurationList;
			buildConfigurations = (
				OBJ_141 /* Debug */,
				OBJ_142 /* Release */,
			);
			defaultConfigurationIsVisible = 0;
			defaultConfigurationName = Release;
		};
		OBJ_2 /* Build configuration list for PBXProject "Crush" */ = {
			isa = XCConfigurationList;
			buildConfigurations = (
				OBJ_3 /* Debug */,
				OBJ_4 /* Release */,
			);
			defaultConfigurationIsVisible = 0;
			defaultConfigurationName = Release;
		};
		OBJ_77 /* Build configuration list for PBXNativeTarget "Crush" */ = {
			isa = XCConfigurationList;
			buildConfigurations = (
				OBJ_78 /* Debug */,
				OBJ_79 /* Release */,
			);
			defaultConfigurationIsVisible = 0;
			defaultConfigurationName = Release;
		};
/* End XCConfigurationList section */
	};
	rootObject = OBJ_1 /* Project object */;
}
