// !$*UTF8*$!
{
	archiveVersion = 1;
	classes = {
	};
	objectVersion = 50;
	objects = {

/* Begin PBXBuildFile section */
		15C7AF51241F625F007F14A3 /* ThreadSafe.swift in Sources */ = {isa = PBXBuildFile; fileRef = 15C7AF22241F625F007F14A3 /* ThreadSafe.swift */; };
		15C7AF52241F625F007F14A3 /* Assertions.swift in Sources */ = {isa = PBXBuildFile; fileRef = 15C7AF23241F625F007F14A3 /* Assertions.swift */; };
		15C7AF53241F625F007F14A3 /* Data+hexString.swift in Sources */ = {isa = PBXBuildFile; fileRef = 15C7AF24241F625F007F14A3 /* Data+hexString.swift */; };
		15C7AF54241F625F007F14A3 /* KeyPath+helper.swift in Sources */ = {isa = PBXBuildFile; fileRef = 15C7AF25241F625F007F14A3 /* KeyPath+helper.swift */; };
		15C7AF55241F625F007F14A3 /* NSManagedObject+helper.swift in Sources */ = {isa = PBXBuildFile; fileRef = 15C7AF26241F625F007F14A3 /* NSManagedObject+helper.swift */; };
		15C7AF56241F625F007F14A3 /* DescriptionCacheCoordinator.swift in Sources */ = {isa = PBXBuildFile; fileRef = 15C7AF29241F625F007F14A3 /* DescriptionCacheCoordinator.swift */; };
		15C7AF57241F625F007F14A3 /* DescriptionCache.swift in Sources */ = {isa = PBXBuildFile; fileRef = 15C7AF2A241F625F007F14A3 /* DescriptionCache.swift */; };
		15C7AF58241F625F007F14A3 /* EntityObject.swift in Sources */ = {isa = PBXBuildFile; fileRef = 15C7AF2C241F625F007F14A3 /* EntityObject.swift */; };
		15C7AF59241F625F007F14A3 /* ValueMapper.swift in Sources */ = {isa = PBXBuildFile; fileRef = 15C7AF2D241F625F007F14A3 /* ValueMapper.swift */; };
		15C7AF5A241F625F007F14A3 /* Property+Optional.swift in Sources */ = {isa = PBXBuildFile; fileRef = 15C7AF2F241F625F007F14A3 /* Property+Optional.swift */; };
		15C7AF5B241F625F007F14A3 /* Property.swift in Sources */ = {isa = PBXBuildFile; fileRef = 15C7AF30241F625F007F14A3 /* Property.swift */; };
		15C7AF5C241F625F007F14A3 /* Property+Attribute.swift in Sources */ = {isa = PBXBuildFile; fileRef = 15C7AF31241F625F007F14A3 /* Property+Attribute.swift */; };
		15C7AF5D241F625F007F14A3 /* Property+Relationship.swift in Sources */ = {isa = PBXBuildFile; fileRef = 15C7AF32241F625F007F14A3 /* Property+Relationship.swift */; };
		15C7AF5E241F625F007F14A3 /* Property+Type.swift in Sources */ = {isa = PBXBuildFile; fileRef = 15C7AF33241F625F007F14A3 /* Property+Type.swift */; };
		15C7AF5F241F625F007F14A3 /* Property+Trasient.swift in Sources */ = {isa = PBXBuildFile; fileRef = 15C7AF34241F625F007F14A3 /* Property+Trasient.swift */; };
		15C7AF60241F625F007F14A3 /* FieldAttributeType.swift in Sources */ = {isa = PBXBuildFile; fileRef = 15C7AF35241F625F007F14A3 /* FieldAttributeType.swift */; };
		15C7AF61241F625F007F14A3 /* Index.swift in Sources */ = {isa = PBXBuildFile; fileRef = 15C7AF37241F625F007F14A3 /* Index.swift */; };
		15C7AF62241F625F007F14A3 /* ObjectModel.swift in Sources */ = {isa = PBXBuildFile; fileRef = 15C7AF38241F625F007F14A3 /* ObjectModel.swift */; };
		15C7AF63241F625F007F14A3 /* TransactionContext.swift in Sources */ = {isa = PBXBuildFile; fileRef = 15C7AF3A241F625F007F14A3 /* TransactionContext.swift */; };
		15C7AF64241F625F007F14A3 /* Operators.swift in Sources */ = {isa = PBXBuildFile; fileRef = 15C7AF3B241F625F007F14A3 /* Operators.swift */; };
		15C7AF65241F625F007F14A3 /* ReaderTransactionContext.swift in Sources */ = {isa = PBXBuildFile; fileRef = 15C7AF3C241F625F007F14A3 /* ReaderTransactionContext.swift */; };
		15C7AF66241F625F007F14A3 /* SearchString.swift in Sources */ = {isa = PBXBuildFile; fileRef = 15C7AF3D241F625F007F14A3 /* SearchString.swift */; };
		15C7AF67241F625F007F14A3 /* Transaction.swift in Sources */ = {isa = PBXBuildFile; fileRef = 15C7AF3E241F625F007F14A3 /* Transaction.swift */; };
		15C7AF68241F625F007F14A3 /* QueryBuilder.swift in Sources */ = {isa = PBXBuildFile; fileRef = 15C7AF3F241F625F007F14A3 /* QueryBuilder.swift */; };
		15C7AF69241F625F007F14A3 /* WriterTransactionContext.swift in Sources */ = {isa = PBXBuildFile; fileRef = 15C7AF40241F625F007F14A3 /* WriterTransactionContext.swift */; };
		15C7AF6A241F625F007F14A3 /* Connection.swift in Sources */ = {isa = PBXBuildFile; fileRef = 15C7AF42241F625F007F14A3 /* Connection.swift */; };
		15C7AF6B241F625F007F14A3 /* DataContainer.swift in Sources */ = {isa = PBXBuildFile; fileRef = 15C7AF43241F625F007F14A3 /* DataContainer.swift */; };
		15C7AF6C241F625F007F14A3 /* DataContainer+Type.swift in Sources */ = {isa = PBXBuildFile; fileRef = 15C7AF44241F625F007F14A3 /* DataContainer+Type.swift */; };
		15C7AF6D241F625F007F14A3 /* SQLMigrator.swift in Sources */ = {isa = PBXBuildFile; fileRef = 15C7AF47241F625F007F14A3 /* SQLMigrator.swift */; };
		15C7AF6E241F625F007F14A3 /* Migrator.swift in Sources */ = {isa = PBXBuildFile; fileRef = 15C7AF48241F625F007F14A3 /* Migrator.swift */; };
		15C7AF6F241F625F007F14A3 /* MigrationModel.swift in Sources */ = {isa = PBXBuildFile; fileRef = 15C7AF49241F625F007F14A3 /* MigrationModel.swift */; };
		15C7AF70241F625F007F14A3 /* PropertyMapping.swift in Sources */ = {isa = PBXBuildFile; fileRef = 15C7AF4A241F625F007F14A3 /* PropertyMapping.swift */; };
		15C7AF71241F625F007F14A3 /* CoreDataSchema.swift in Sources */ = {isa = PBXBuildFile; fileRef = 15C7AF4C241F625F007F14A3 /* CoreDataSchema.swift */; };
		15C7AF72241F625F007F14A3 /* VersionedSchema.swift in Sources */ = {isa = PBXBuildFile; fileRef = 15C7AF4D241F625F007F14A3 /* VersionedSchema.swift */; };
		15C7AF73241F625F007F14A3 /* Schema.swift in Sources */ = {isa = PBXBuildFile; fileRef = 15C7AF4E241F625F007F14A3 /* Schema.swift */; };
		15C7AF74241F625F007F14A3 /* MappingModelMerger.swift in Sources */ = {isa = PBXBuildFile; fileRef = 15C7AF4F241F625F007F14A3 /* MappingModelMerger.swift */; };
		15C7AF75241F625F007F14A3 /* EntityMapping.swift in Sources */ = {isa = PBXBuildFile; fileRef = 15C7AF50241F625F007F14A3 /* EntityMapping.swift */; };
		15C7AF95241F6327007F14A3 /* Images.xcassets in Resources */ = {isa = PBXBuildFile; fileRef = 15C7AF8E241F6327007F14A3 /* Images.xcassets */; };
		15C7AF96241F6327007F14A3 /* Schema.swift in Sources */ = {isa = PBXBuildFile; fileRef = 15C7AF8F241F6327007F14A3 /* Schema.swift */; };
		15C7AF97241F6327007F14A3 /* TodoViewController.swift in Sources */ = {isa = PBXBuildFile; fileRef = 15C7AF90241F6327007F14A3 /* TodoViewController.swift */; };
		15C7AF99241F6327007F14A3 /* TodoTableViewCell.swift in Sources */ = {isa = PBXBuildFile; fileRef = 15C7AF92241F6327007F14A3 /* TodoTableViewCell.swift */; };
		15C7AF9A241F6327007F14A3 /* AppDelegate.swift in Sources */ = {isa = PBXBuildFile; fileRef = 15C7AF93241F6327007F14A3 /* AppDelegate.swift */; };
		15C7AF9B241F6327007F14A3 /* TodoListViewController.swift in Sources */ = {isa = PBXBuildFile; fileRef = 15C7AF94241F6327007F14A3 /* TodoListViewController.swift */; };
		15C7AFA0241F6411007F14A3 /* LaunchScreen.xib in Resources */ = {isa = PBXBuildFile; fileRef = 15C7AF9C241F6411007F14A3 /* LaunchScreen.xib */; };
		15C7AFA1241F6411007F14A3 /* Main.storyboard in Resources */ = {isa = PBXBuildFile; fileRef = 15C7AF9E241F6411007F14A3 /* Main.storyboard */; };
		15C7AFB4241F6754007F14A3 /* Crush.framework in Frameworks */ = {isa = PBXBuildFile; fileRef = 15C7AEB2241F6204007F14A3 /* Crush.framework */; };
		15C7AFBD241F67F9007F14A3 /* Crush.podspec in Resources */ = {isa = PBXBuildFile; fileRef = 15C7AFBC241F67F9007F14A3 /* Crush.podspec */; };
/* End PBXBuildFile section */

/* Begin PBXContainerItemProxy section */
		15C7AFA2241F6472007F14A3 /* PBXContainerItemProxy */ = {
			isa = PBXContainerItemProxy;
			containerPortal = 15C7AEA9241F6204007F14A3 /* Project object */;
			proxyType = 1;
			remoteGlobalIDString = 15C7AEB1241F6204007F14A3;
			remoteInfo = Crush;
		};
		15C7AFB5241F6754007F14A3 /* PBXContainerItemProxy */ = {
			isa = PBXContainerItemProxy;
			containerPortal = 15C7AEA9241F6204007F14A3 /* Project object */;
			proxyType = 1;
			remoteGlobalIDString = 15C7AEB1241F6204007F14A3;
			remoteInfo = Crush;
		};
/* End PBXContainerItemProxy section */

/* Begin PBXFileReference section */
		15C7AEB2241F6204007F14A3 /* Crush.framework */ = {isa = PBXFileReference; explicitFileType = wrapper.framework; includeInIndex = 0; path = Crush.framework; sourceTree = BUILT_PRODUCTS_DIR; };
		15C7AF22241F625F007F14A3 /* ThreadSafe.swift */ = {isa = PBXFileReference; fileEncoding = 4; lastKnownFileType = sourcecode.swift; path = ThreadSafe.swift; sourceTree = "<group>"; };
		15C7AF23241F625F007F14A3 /* Assertions.swift */ = {isa = PBXFileReference; fileEncoding = 4; lastKnownFileType = sourcecode.swift; path = Assertions.swift; sourceTree = "<group>"; };
		15C7AF24241F625F007F14A3 /* Data+hexString.swift */ = {isa = PBXFileReference; fileEncoding = 4; lastKnownFileType = sourcecode.swift; path = "Data+hexString.swift"; sourceTree = "<group>"; };
		15C7AF25241F625F007F14A3 /* KeyPath+helper.swift */ = {isa = PBXFileReference; fileEncoding = 4; lastKnownFileType = sourcecode.swift; path = "KeyPath+helper.swift"; sourceTree = "<group>"; };
		15C7AF26241F625F007F14A3 /* NSManagedObject+helper.swift */ = {isa = PBXFileReference; fileEncoding = 4; lastKnownFileType = sourcecode.swift; path = "NSManagedObject+helper.swift"; sourceTree = "<group>"; };
		15C7AF29241F625F007F14A3 /* DescriptionCacheCoordinator.swift */ = {isa = PBXFileReference; fileEncoding = 4; lastKnownFileType = sourcecode.swift; path = DescriptionCacheCoordinator.swift; sourceTree = "<group>"; };
		15C7AF2A241F625F007F14A3 /* DescriptionCache.swift */ = {isa = PBXFileReference; fileEncoding = 4; lastKnownFileType = sourcecode.swift; path = DescriptionCache.swift; sourceTree = "<group>"; };
		15C7AF2C241F625F007F14A3 /* EntityObject.swift */ = {isa = PBXFileReference; fileEncoding = 4; lastKnownFileType = sourcecode.swift; path = EntityObject.swift; sourceTree = "<group>"; };
		15C7AF2D241F625F007F14A3 /* ValueMapper.swift */ = {isa = PBXFileReference; fileEncoding = 4; lastKnownFileType = sourcecode.swift; path = ValueMapper.swift; sourceTree = "<group>"; };
		15C7AF2F241F625F007F14A3 /* Property+Optional.swift */ = {isa = PBXFileReference; fileEncoding = 4; lastKnownFileType = sourcecode.swift; path = "Property+Optional.swift"; sourceTree = "<group>"; };
		15C7AF30241F625F007F14A3 /* Property.swift */ = {isa = PBXFileReference; fileEncoding = 4; lastKnownFileType = sourcecode.swift; path = Property.swift; sourceTree = "<group>"; };
		15C7AF31241F625F007F14A3 /* Property+Attribute.swift */ = {isa = PBXFileReference; fileEncoding = 4; lastKnownFileType = sourcecode.swift; path = "Property+Attribute.swift"; sourceTree = "<group>"; };
		15C7AF32241F625F007F14A3 /* Property+Relationship.swift */ = {isa = PBXFileReference; fileEncoding = 4; lastKnownFileType = sourcecode.swift; path = "Property+Relationship.swift"; sourceTree = "<group>"; };
		15C7AF33241F625F007F14A3 /* Property+Type.swift */ = {isa = PBXFileReference; fileEncoding = 4; lastKnownFileType = sourcecode.swift; path = "Property+Type.swift"; sourceTree = "<group>"; };
		15C7AF34241F625F007F14A3 /* Property+Trasient.swift */ = {isa = PBXFileReference; fileEncoding = 4; lastKnownFileType = sourcecode.swift; path = "Property+Trasient.swift"; sourceTree = "<group>"; };
		15C7AF35241F625F007F14A3 /* FieldAttributeType.swift */ = {isa = PBXFileReference; fileEncoding = 4; lastKnownFileType = sourcecode.swift; path = FieldAttributeType.swift; sourceTree = "<group>"; };
		15C7AF37241F625F007F14A3 /* Index.swift */ = {isa = PBXFileReference; fileEncoding = 4; lastKnownFileType = sourcecode.swift; path = Index.swift; sourceTree = "<group>"; };
		15C7AF38241F625F007F14A3 /* ObjectModel.swift */ = {isa = PBXFileReference; fileEncoding = 4; lastKnownFileType = sourcecode.swift; path = ObjectModel.swift; sourceTree = "<group>"; };
		15C7AF3A241F625F007F14A3 /* TransactionContext.swift */ = {isa = PBXFileReference; fileEncoding = 4; lastKnownFileType = sourcecode.swift; path = TransactionContext.swift; sourceTree = "<group>"; };
		15C7AF3B241F625F007F14A3 /* Operators.swift */ = {isa = PBXFileReference; fileEncoding = 4; lastKnownFileType = sourcecode.swift; path = Operators.swift; sourceTree = "<group>"; };
		15C7AF3C241F625F007F14A3 /* ReaderTransactionContext.swift */ = {isa = PBXFileReference; fileEncoding = 4; lastKnownFileType = sourcecode.swift; path = ReaderTransactionContext.swift; sourceTree = "<group>"; };
		15C7AF3D241F625F007F14A3 /* SearchString.swift */ = {isa = PBXFileReference; fileEncoding = 4; lastKnownFileType = sourcecode.swift; path = SearchString.swift; sourceTree = "<group>"; };
		15C7AF3E241F625F007F14A3 /* Transaction.swift */ = {isa = PBXFileReference; fileEncoding = 4; lastKnownFileType = sourcecode.swift; path = Transaction.swift; sourceTree = "<group>"; };
		15C7AF3F241F625F007F14A3 /* QueryBuilder.swift */ = {isa = PBXFileReference; fileEncoding = 4; lastKnownFileType = sourcecode.swift; path = QueryBuilder.swift; sourceTree = "<group>"; };
		15C7AF40241F625F007F14A3 /* WriterTransactionContext.swift */ = {isa = PBXFileReference; fileEncoding = 4; lastKnownFileType = sourcecode.swift; path = WriterTransactionContext.swift; sourceTree = "<group>"; };
		15C7AF42241F625F007F14A3 /* Connection.swift */ = {isa = PBXFileReference; fileEncoding = 4; lastKnownFileType = sourcecode.swift; path = Connection.swift; sourceTree = "<group>"; };
		15C7AF43241F625F007F14A3 /* DataContainer.swift */ = {isa = PBXFileReference; fileEncoding = 4; lastKnownFileType = sourcecode.swift; path = DataContainer.swift; sourceTree = "<group>"; };
		15C7AF44241F625F007F14A3 /* DataContainer+Type.swift */ = {isa = PBXFileReference; fileEncoding = 4; lastKnownFileType = sourcecode.swift; path = "DataContainer+Type.swift"; sourceTree = "<group>"; };
		15C7AF47241F625F007F14A3 /* SQLMigrator.swift */ = {isa = PBXFileReference; fileEncoding = 4; lastKnownFileType = sourcecode.swift; path = SQLMigrator.swift; sourceTree = "<group>"; };
		15C7AF48241F625F007F14A3 /* Migrator.swift */ = {isa = PBXFileReference; fileEncoding = 4; lastKnownFileType = sourcecode.swift; path = Migrator.swift; sourceTree = "<group>"; };
		15C7AF49241F625F007F14A3 /* MigrationModel.swift */ = {isa = PBXFileReference; fileEncoding = 4; lastKnownFileType = sourcecode.swift; path = MigrationModel.swift; sourceTree = "<group>"; };
		15C7AF4A241F625F007F14A3 /* PropertyMapping.swift */ = {isa = PBXFileReference; fileEncoding = 4; lastKnownFileType = sourcecode.swift; path = PropertyMapping.swift; sourceTree = "<group>"; };
		15C7AF4C241F625F007F14A3 /* CoreDataSchema.swift */ = {isa = PBXFileReference; fileEncoding = 4; lastKnownFileType = sourcecode.swift; path = CoreDataSchema.swift; sourceTree = "<group>"; };
		15C7AF4D241F625F007F14A3 /* VersionedSchema.swift */ = {isa = PBXFileReference; fileEncoding = 4; lastKnownFileType = sourcecode.swift; path = VersionedSchema.swift; sourceTree = "<group>"; };
		15C7AF4E241F625F007F14A3 /* Schema.swift */ = {isa = PBXFileReference; fileEncoding = 4; lastKnownFileType = sourcecode.swift; path = Schema.swift; sourceTree = "<group>"; };
		15C7AF4F241F625F007F14A3 /* MappingModelMerger.swift */ = {isa = PBXFileReference; fileEncoding = 4; lastKnownFileType = sourcecode.swift; path = MappingModelMerger.swift; sourceTree = "<group>"; };
		15C7AF50241F625F007F14A3 /* EntityMapping.swift */ = {isa = PBXFileReference; fileEncoding = 4; lastKnownFileType = sourcecode.swift; path = EntityMapping.swift; sourceTree = "<group>"; };
		15C7AF7A241F62BF007F14A3 /* Example.app */ = {isa = PBXFileReference; explicitFileType = wrapper.application; includeInIndex = 0; path = Example.app; sourceTree = BUILT_PRODUCTS_DIR; };
		15C7AF8E241F6327007F14A3 /* Images.xcassets */ = {isa = PBXFileReference; lastKnownFileType = folder.assetcatalog; path = Images.xcassets; sourceTree = "<group>"; };
		15C7AF8F241F6327007F14A3 /* Schema.swift */ = {isa = PBXFileReference; fileEncoding = 4; lastKnownFileType = sourcecode.swift; path = Schema.swift; sourceTree = "<group>"; };
		15C7AF90241F6327007F14A3 /* TodoViewController.swift */ = {isa = PBXFileReference; fileEncoding = 4; lastKnownFileType = sourcecode.swift; path = TodoViewController.swift; sourceTree = "<group>"; };
		15C7AF91241F6327007F14A3 /* Info.plist */ = {isa = PBXFileReference; fileEncoding = 4; lastKnownFileType = text.plist.xml; path = Info.plist; sourceTree = "<group>"; };
		15C7AF92241F6327007F14A3 /* TodoTableViewCell.swift */ = {isa = PBXFileReference; fileEncoding = 4; lastKnownFileType = sourcecode.swift; path = TodoTableViewCell.swift; sourceTree = "<group>"; };
		15C7AF93241F6327007F14A3 /* AppDelegate.swift */ = {isa = PBXFileReference; fileEncoding = 4; lastKnownFileType = sourcecode.swift; path = AppDelegate.swift; sourceTree = "<group>"; };
		15C7AF94241F6327007F14A3 /* TodoListViewController.swift */ = {isa = PBXFileReference; fileEncoding = 4; lastKnownFileType = sourcecode.swift; path = TodoListViewController.swift; sourceTree = "<group>"; };
		15C7AF9D241F6411007F14A3 /* Base */ = {isa = PBXFileReference; lastKnownFileType = file.xib; name = Base; path = Base.lproj/LaunchScreen.xib; sourceTree = "<group>"; };
		15C7AF9F241F6411007F14A3 /* Base */ = {isa = PBXFileReference; lastKnownFileType = file.storyboard; name = Base; path = Base.lproj/Main.storyboard; sourceTree = "<group>"; };
		15C7AFA6241F66C4007F14A3 /* README.md */ = {isa = PBXFileReference; fileEncoding = 4; lastKnownFileType = net.daringfireball.markdown; path = README.md; sourceTree = SOURCE_ROOT; };
		15C7AFA7241F66C4007F14A3 /* LICENSE */ = {isa = PBXFileReference; fileEncoding = 4; lastKnownFileType = text; path = LICENSE; sourceTree = SOURCE_ROOT; };
		15C7AFAF241F6754007F14A3 /* Tests.xctest */ = {isa = PBXFileReference; explicitFileType = wrapper.cfbundle; includeInIndex = 0; path = Tests.xctest; sourceTree = BUILT_PRODUCTS_DIR; };
		15C7AFB3241F6754007F14A3 /* Info.plist */ = {isa = PBXFileReference; lastKnownFileType = text.plist.xml; path = Info.plist; sourceTree = "<group>"; };
		15C7AFBA241F67C1007F14A3 /* Info.plist */ = {isa = PBXFileReference; fileEncoding = 4; lastKnownFileType = text.plist.xml; path = Info.plist; sourceTree = "<group>"; };
		15C7AFBC241F67F9007F14A3 /* Crush.podspec */ = {isa = PBXFileReference; lastKnownFileType = file; path = Crush.podspec; sourceTree = SOURCE_ROOT; };
/* End PBXFileReference section */

/* Begin PBXFrameworksBuildPhase section */
		15C7AEAF241F6204007F14A3 /* Frameworks */ = {
			isa = PBXFrameworksBuildPhase;
			buildActionMask = 2147483647;
			files = (
			);
			runOnlyForDeploymentPostprocessing = 0;
		};
		15C7AF77241F62BF007F14A3 /* Frameworks */ = {
			isa = PBXFrameworksBuildPhase;
			buildActionMask = 2147483647;
			files = (
			);
			runOnlyForDeploymentPostprocessing = 0;
		};
		15C7AFAC241F6754007F14A3 /* Frameworks */ = {
			isa = PBXFrameworksBuildPhase;
			buildActionMask = 2147483647;
			files = (
				15C7AFB4241F6754007F14A3 /* Crush.framework in Frameworks */,
			);
			runOnlyForDeploymentPostprocessing = 0;
		};
/* End PBXFrameworksBuildPhase section */

/* Begin PBXGroup section */
		15C7AEA8241F6204007F14A3 = {
			isa = PBXGroup;
			children = (
				15C7AEB4241F6204007F14A3 /* Crush */,
				15C7AFB0241F6754007F14A3 /* Tests */,
				15C7AF7B241F62BF007F14A3 /* Example */,
				15C7AEB3241F6204007F14A3 /* Products */,
			);
			sourceTree = "<group>";
		};
		15C7AEB3241F6204007F14A3 /* Products */ = {
			isa = PBXGroup;
			children = (
				15C7AEB2241F6204007F14A3 /* Crush.framework */,
				15C7AF7A241F62BF007F14A3 /* Example.app */,
				15C7AFAF241F6754007F14A3 /* Tests.xctest */,
			);
			name = Products;
			sourceTree = "<group>";
		};
		15C7AEB4241F6204007F14A3 /* Crush */ = {
			isa = PBXGroup;
			children = (
				15C7AF41241F625F007F14A3 /* DataContainer */,
				15C7AF27241F625F007F14A3 /* DataModel */,
				15C7AF45241F625F007F14A3 /* Migration */,
				15C7AF39241F625F007F14A3 /* Transaction */,
				15C7AF21241F625F007F14A3 /* Utils */,
				15C7AFA7241F66C4007F14A3 /* LICENSE */,
				15C7AFA6241F66C4007F14A3 /* README.md */,
				15C7AFBC241F67F9007F14A3 /* Crush.podspec */,
				15C7AFBA241F67C1007F14A3 /* Info.plist */,
			);
			path = Crush;
			sourceTree = "<group>";
		};
		15C7AF21241F625F007F14A3 /* Utils */ = {
			isa = PBXGroup;
			children = (
				15C7AF22241F625F007F14A3 /* ThreadSafe.swift */,
				15C7AF23241F625F007F14A3 /* Assertions.swift */,
				15C7AF24241F625F007F14A3 /* Data+hexString.swift */,
				15C7AF25241F625F007F14A3 /* KeyPath+helper.swift */,
				15C7AF26241F625F007F14A3 /* NSManagedObject+helper.swift */,
			);
			path = Utils;
			sourceTree = "<group>";
		};
		15C7AF27241F625F007F14A3 /* DataModel */ = {
			isa = PBXGroup;
			children = (
				15C7AF28241F625F007F14A3 /* Cache */,
				15C7AF2B241F625F007F14A3 /* Entity */,
				15C7AF38241F625F007F14A3 /* ObjectModel.swift */,
			);
			path = DataModel;
			sourceTree = "<group>";
		};
		15C7AF28241F625F007F14A3 /* Cache */ = {
			isa = PBXGroup;
			children = (
				15C7AF29241F625F007F14A3 /* DescriptionCacheCoordinator.swift */,
				15C7AF2A241F625F007F14A3 /* DescriptionCache.swift */,
			);
			path = Cache;
			sourceTree = "<group>";
		};
		15C7AF2B241F625F007F14A3 /* Entity */ = {
			isa = PBXGroup;
			children = (
				15C7AF2C241F625F007F14A3 /* EntityObject.swift */,
				15C7AF2D241F625F007F14A3 /* ValueMapper.swift */,
				15C7AF2E241F625F007F14A3 /* Property */,
				15C7AF35241F625F007F14A3 /* FieldAttributeType.swift */,
				15C7AF36241F625F007F14A3 /* Index */,
			);
			path = Entity;
			sourceTree = "<group>";
		};
		15C7AF2E241F625F007F14A3 /* Property */ = {
			isa = PBXGroup;
			children = (
				15C7AF2F241F625F007F14A3 /* Property+Optional.swift */,
				15C7AF30241F625F007F14A3 /* Property.swift */,
				15C7AF31241F625F007F14A3 /* Property+Attribute.swift */,
				15C7AF32241F625F007F14A3 /* Property+Relationship.swift */,
				15C7AF33241F625F007F14A3 /* Property+Type.swift */,
				15C7AF34241F625F007F14A3 /* Property+Trasient.swift */,
			);
			path = Property;
			sourceTree = "<group>";
		};
		15C7AF36241F625F007F14A3 /* Index */ = {
			isa = PBXGroup;
			children = (
				15C7AF37241F625F007F14A3 /* Index.swift */,
			);
			path = Index;
			sourceTree = "<group>";
		};
		15C7AF39241F625F007F14A3 /* Transaction */ = {
			isa = PBXGroup;
			children = (
				15C7AF3A241F625F007F14A3 /* TransactionContext.swift */,
				15C7AF3B241F625F007F14A3 /* Operators.swift */,
				15C7AF3C241F625F007F14A3 /* ReaderTransactionContext.swift */,
				15C7AF3D241F625F007F14A3 /* SearchString.swift */,
				15C7AF3E241F625F007F14A3 /* Transaction.swift */,
				15C7AF3F241F625F007F14A3 /* QueryBuilder.swift */,
				15C7AF40241F625F007F14A3 /* WriterTransactionContext.swift */,
			);
			path = Transaction;
			sourceTree = "<group>";
		};
		15C7AF41241F625F007F14A3 /* DataContainer */ = {
			isa = PBXGroup;
			children = (
				15C7AF42241F625F007F14A3 /* Connection.swift */,
				15C7AF43241F625F007F14A3 /* DataContainer.swift */,
				15C7AF44241F625F007F14A3 /* DataContainer+Type.swift */,
			);
			path = DataContainer;
			sourceTree = "<group>";
		};
		15C7AF45241F625F007F14A3 /* Migration */ = {
			isa = PBXGroup;
			children = (
				15C7AF46241F625F007F14A3 /* Migrator */,
				15C7AF49241F625F007F14A3 /* MigrationModel.swift */,
				15C7AF4A241F625F007F14A3 /* PropertyMapping.swift */,
				15C7AF4B241F625F007F14A3 /* Schema */,
				15C7AF4F241F625F007F14A3 /* MappingModelMerger.swift */,
				15C7AF50241F625F007F14A3 /* EntityMapping.swift */,
			);
			path = Migration;
			sourceTree = "<group>";
		};
		15C7AF46241F625F007F14A3 /* Migrator */ = {
			isa = PBXGroup;
			children = (
				15C7AF47241F625F007F14A3 /* SQLMigrator.swift */,
				15C7AF48241F625F007F14A3 /* Migrator.swift */,
			);
			path = Migrator;
			sourceTree = "<group>";
		};
		15C7AF4B241F625F007F14A3 /* Schema */ = {
			isa = PBXGroup;
			children = (
				15C7AF4C241F625F007F14A3 /* CoreDataSchema.swift */,
				15C7AF4D241F625F007F14A3 /* VersionedSchema.swift */,
				15C7AF4E241F625F007F14A3 /* Schema.swift */,
			);
			path = Schema;
			sourceTree = "<group>";
		};
		15C7AF7B241F62BF007F14A3 /* Example */ = {
			isa = PBXGroup;
			children = (
				15C7AF93241F6327007F14A3 /* AppDelegate.swift */,
				15C7AF8F241F6327007F14A3 /* Schema.swift */,
				15C7AF94241F6327007F14A3 /* TodoListViewController.swift */,
				15C7AF92241F6327007F14A3 /* TodoTableViewCell.swift */,
				15C7AF90241F6327007F14A3 /* TodoViewController.swift */,
				15C7AF9C241F6411007F14A3 /* LaunchScreen.xib */,
				15C7AF9E241F6411007F14A3 /* Main.storyboard */,
				15C7AF8E241F6327007F14A3 /* Images.xcassets */,
				15C7AF91241F6327007F14A3 /* Info.plist */,
			);
			path = Example;
			sourceTree = "<group>";
		};
		15C7AFB0241F6754007F14A3 /* Tests */ = {
			isa = PBXGroup;
			children = (
				15C7AFB3241F6754007F14A3 /* Info.plist */,
			);
			path = Tests;
			sourceTree = "<group>";
		};
/* End PBXGroup section */

/* Begin PBXHeadersBuildPhase section */
		15C7AEAD241F6204007F14A3 /* Headers */ = {
			isa = PBXHeadersBuildPhase;
			buildActionMask = 2147483647;
			files = (
			);
			runOnlyForDeploymentPostprocessing = 0;
		};
/* End PBXHeadersBuildPhase section */

/* Begin PBXNativeTarget section */
		15C7AEB1241F6204007F14A3 /* Crush */ = {
			isa = PBXNativeTarget;
			buildConfigurationList = 15C7AEC6241F6204007F14A3 /* Build configuration list for PBXNativeTarget "Crush" */;
			buildPhases = (
				15C7AEAD241F6204007F14A3 /* Headers */,
				15C7AEAE241F6204007F14A3 /* Sources */,
				15C7AEAF241F6204007F14A3 /* Frameworks */,
				15C7AEB0241F6204007F14A3 /* Resources */,
			);
			buildRules = (
			);
			dependencies = (
			);
			name = Crush;
			productName = Crush;
			productReference = 15C7AEB2241F6204007F14A3 /* Crush.framework */;
			productType = "com.apple.product-type.framework";
		};
		15C7AF79241F62BF007F14A3 /* Example */ = {
			isa = PBXNativeTarget;
			buildConfigurationList = 15C7AF8B241F62BF007F14A3 /* Build configuration list for PBXNativeTarget "Example" */;
			buildPhases = (
				15C7AF76241F62BF007F14A3 /* Sources */,
				15C7AF77241F62BF007F14A3 /* Frameworks */,
				15C7AF78241F62BF007F14A3 /* Resources */,
			);
			buildRules = (
			);
			dependencies = (
				15C7AFA3241F6472007F14A3 /* PBXTargetDependency */,
			);
			name = Example;
			productName = Example;
			productReference = 15C7AF7A241F62BF007F14A3 /* Example.app */;
			productType = "com.apple.product-type.application";
		};
		15C7AFAE241F6754007F14A3 /* Tests */ = {
			isa = PBXNativeTarget;
			buildConfigurationList = 15C7AFB7241F6754007F14A3 /* Build configuration list for PBXNativeTarget "Tests" */;
			buildPhases = (
				15C7AFAB241F6754007F14A3 /* Sources */,
				15C7AFAC241F6754007F14A3 /* Frameworks */,
				15C7AFAD241F6754007F14A3 /* Resources */,
			);
			buildRules = (
			);
			dependencies = (
				15C7AFB6241F6754007F14A3 /* PBXTargetDependency */,
			);
			name = Tests;
			productName = Tests;
			productReference = 15C7AFAF241F6754007F14A3 /* Tests.xctest */;
			productType = "com.apple.product-type.bundle.unit-test";
		};
/* End PBXNativeTarget section */

/* Begin PBXProject section */
		15C7AEA9241F6204007F14A3 /* Project object */ = {
			isa = PBXProject;
			attributes = {
				LastSwiftUpdateCheck = 1130;
				LastUpgradeCheck = 1130;
				ORGANIZATIONNAME = ezoushen;
				TargetAttributes = {
					15C7AEB1241F6204007F14A3 = {
						CreatedOnToolsVersion = 11.3.1;
					};
					15C7AF79241F62BF007F14A3 = {
						CreatedOnToolsVersion = 11.3.1;
						LastSwiftMigration = 1130;
					};
					15C7AFAE241F6754007F14A3 = {
						CreatedOnToolsVersion = 11.3.1;
					};
				};
			};
			buildConfigurationList = 15C7AEAC241F6204007F14A3 /* Build configuration list for PBXProject "Crush" */;
			compatibilityVersion = "Xcode 9.3";
			developmentRegion = en;
			hasScannedForEncodings = 0;
			knownRegions = (
				en,
				Base,
			);
			mainGroup = 15C7AEA8241F6204007F14A3;
			productRefGroup = 15C7AEB3241F6204007F14A3 /* Products */;
			projectDirPath = "";
			projectRoot = "";
			targets = (
				15C7AEB1241F6204007F14A3 /* Crush */,
				15C7AFAE241F6754007F14A3 /* Tests */,
				15C7AF79241F62BF007F14A3 /* Example */,
			);
		};
/* End PBXProject section */

/* Begin PBXResourcesBuildPhase section */
		15C7AEB0241F6204007F14A3 /* Resources */ = {
			isa = PBXResourcesBuildPhase;
			buildActionMask = 2147483647;
			files = (
				15C7AFBD241F67F9007F14A3 /* Crush.podspec in Resources */,
			);
			runOnlyForDeploymentPostprocessing = 0;
		};
		15C7AF78241F62BF007F14A3 /* Resources */ = {
			isa = PBXResourcesBuildPhase;
			buildActionMask = 2147483647;
			files = (
				15C7AFA1241F6411007F14A3 /* Main.storyboard in Resources */,
				15C7AFA0241F6411007F14A3 /* LaunchScreen.xib in Resources */,
				15C7AF95241F6327007F14A3 /* Images.xcassets in Resources */,
			);
			runOnlyForDeploymentPostprocessing = 0;
		};
		15C7AFAD241F6754007F14A3 /* Resources */ = {
			isa = PBXResourcesBuildPhase;
			buildActionMask = 2147483647;
			files = (
			);
			runOnlyForDeploymentPostprocessing = 0;
		};
/* End PBXResourcesBuildPhase section */

/* Begin PBXSourcesBuildPhase section */
		15C7AEAE241F6204007F14A3 /* Sources */ = {
			isa = PBXSourcesBuildPhase;
			buildActionMask = 2147483647;
			files = (
				15C7AF72241F625F007F14A3 /* VersionedSchema.swift in Sources */,
				15C7AF5A241F625F007F14A3 /* Property+Optional.swift in Sources */,
				15C7AF74241F625F007F14A3 /* MappingModelMerger.swift in Sources */,
				15C7AF70241F625F007F14A3 /* PropertyMapping.swift in Sources */,
				15C7AF64241F625F007F14A3 /* Operators.swift in Sources */,
				15C7AF56241F625F007F14A3 /* DescriptionCacheCoordinator.swift in Sources */,
				15C7AF5B241F625F007F14A3 /* Property.swift in Sources */,
				15C7AF59241F625F007F14A3 /* ValueMapper.swift in Sources */,
				15C7AF62241F625F007F14A3 /* ObjectModel.swift in Sources */,
				15C7AF66241F625F007F14A3 /* SearchString.swift in Sources */,
				15C7AF58241F625F007F14A3 /* EntityObject.swift in Sources */,
				15C7AF6E241F625F007F14A3 /* Migrator.swift in Sources */,
				15C7AF69241F625F007F14A3 /* WriterTransactionContext.swift in Sources */,
				15C7AF6D241F625F007F14A3 /* SQLMigrator.swift in Sources */,
				15C7AF6F241F625F007F14A3 /* MigrationModel.swift in Sources */,
				15C7AF54241F625F007F14A3 /* KeyPath+helper.swift in Sources */,
				15C7AF57241F625F007F14A3 /* DescriptionCache.swift in Sources */,
				15C7AF65241F625F007F14A3 /* ReaderTransactionContext.swift in Sources */,
				15C7AF61241F625F007F14A3 /* Index.swift in Sources */,
				15C7AF6A241F625F007F14A3 /* Connection.swift in Sources */,
				15C7AF73241F625F007F14A3 /* Schema.swift in Sources */,
				15C7AF75241F625F007F14A3 /* EntityMapping.swift in Sources */,
				15C7AF5D241F625F007F14A3 /* Property+Relationship.swift in Sources */,
				15C7AF5E241F625F007F14A3 /* Property+Type.swift in Sources */,
				15C7AF67241F625F007F14A3 /* Transaction.swift in Sources */,
				15C7AF5C241F625F007F14A3 /* Property+Attribute.swift in Sources */,
				15C7AF52241F625F007F14A3 /* Assertions.swift in Sources */,
				15C7AF55241F625F007F14A3 /* NSManagedObject+helper.swift in Sources */,
				15C7AF6B241F625F007F14A3 /* DataContainer.swift in Sources */,
				15C7AF68241F625F007F14A3 /* QueryBuilder.swift in Sources */,
				15C7AF51241F625F007F14A3 /* ThreadSafe.swift in Sources */,
				15C7AF60241F625F007F14A3 /* FieldAttributeType.swift in Sources */,
				15C7AF71241F625F007F14A3 /* CoreDataSchema.swift in Sources */,
				15C7AF63241F625F007F14A3 /* TransactionContext.swift in Sources */,
				15C7AF6C241F625F007F14A3 /* DataContainer+Type.swift in Sources */,
				15C7AF5F241F625F007F14A3 /* Property+Trasient.swift in Sources */,
				15C7AF53241F625F007F14A3 /* Data+hexString.swift in Sources */,
			);
			runOnlyForDeploymentPostprocessing = 0;
		};
		15C7AF76241F62BF007F14A3 /* Sources */ = {
			isa = PBXSourcesBuildPhase;
			buildActionMask = 2147483647;
			files = (
				15C7AF9A241F6327007F14A3 /* AppDelegate.swift in Sources */,
				15C7AF99241F6327007F14A3 /* TodoTableViewCell.swift in Sources */,
				15C7AF97241F6327007F14A3 /* TodoViewController.swift in Sources */,
				15C7AF96241F6327007F14A3 /* Schema.swift in Sources */,
				15C7AF9B241F6327007F14A3 /* TodoListViewController.swift in Sources */,
			);
			runOnlyForDeploymentPostprocessing = 0;
		};
		15C7AFAB241F6754007F14A3 /* Sources */ = {
			isa = PBXSourcesBuildPhase;
			buildActionMask = 2147483647;
			files = (
			);
			runOnlyForDeploymentPostprocessing = 0;
		};
/* End PBXSourcesBuildPhase section */

/* Begin PBXTargetDependency section */
		15C7AFA3241F6472007F14A3 /* PBXTargetDependency */ = {
			isa = PBXTargetDependency;
			target = 15C7AEB1241F6204007F14A3 /* Crush */;
			targetProxy = 15C7AFA2241F6472007F14A3 /* PBXContainerItemProxy */;
		};
		15C7AFB6241F6754007F14A3 /* PBXTargetDependency */ = {
			isa = PBXTargetDependency;
			target = 15C7AEB1241F6204007F14A3 /* Crush */;
			targetProxy = 15C7AFB5241F6754007F14A3 /* PBXContainerItemProxy */;
		};
/* End PBXTargetDependency section */

/* Begin PBXVariantGroup section */
		15C7AF9C241F6411007F14A3 /* LaunchScreen.xib */ = {
			isa = PBXVariantGroup;
			children = (
				15C7AF9D241F6411007F14A3 /* Base */,
			);
			name = LaunchScreen.xib;
			sourceTree = "<group>";
		};
		15C7AF9E241F6411007F14A3 /* Main.storyboard */ = {
			isa = PBXVariantGroup;
			children = (
				15C7AF9F241F6411007F14A3 /* Base */,
			);
			name = Main.storyboard;
			sourceTree = "<group>";
		};
/* End PBXVariantGroup section */

/* Begin XCBuildConfiguration section */
		15C7AEC4241F6204007F14A3 /* Debug */ = {
			isa = XCBuildConfiguration;
			buildSettings = {
				ALWAYS_SEARCH_USER_PATHS = NO;
				CLANG_ANALYZER_NONNULL = YES;
				CLANG_ANALYZER_NUMBER_OBJECT_CONVERSION = YES_AGGRESSIVE;
				CLANG_CXX_LANGUAGE_STANDARD = "gnu++14";
				CLANG_CXX_LIBRARY = "libc++";
				CLANG_ENABLE_MODULES = YES;
				CLANG_ENABLE_OBJC_ARC = YES;
				CLANG_ENABLE_OBJC_WEAK = YES;
				CLANG_WARN_BLOCK_CAPTURE_AUTORELEASING = YES;
				CLANG_WARN_BOOL_CONVERSION = YES;
				CLANG_WARN_COMMA = YES;
				CLANG_WARN_CONSTANT_CONVERSION = YES;
				CLANG_WARN_DEPRECATED_OBJC_IMPLEMENTATIONS = YES;
				CLANG_WARN_DIRECT_OBJC_ISA_USAGE = YES_ERROR;
				CLANG_WARN_DOCUMENTATION_COMMENTS = YES;
				CLANG_WARN_EMPTY_BODY = YES;
				CLANG_WARN_ENUM_CONVERSION = YES;
				CLANG_WARN_INFINITE_RECURSION = YES;
				CLANG_WARN_INT_CONVERSION = YES;
				CLANG_WARN_NON_LITERAL_NULL_CONVERSION = YES;
				CLANG_WARN_OBJC_IMPLICIT_RETAIN_SELF = YES;
				CLANG_WARN_OBJC_LITERAL_CONVERSION = YES;
				CLANG_WARN_OBJC_ROOT_CLASS = YES_ERROR;
				CLANG_WARN_RANGE_LOOP_ANALYSIS = YES;
				CLANG_WARN_STRICT_PROTOTYPES = YES;
				CLANG_WARN_SUSPICIOUS_MOVE = YES;
				CLANG_WARN_UNGUARDED_AVAILABILITY = YES_AGGRESSIVE;
				CLANG_WARN_UNREACHABLE_CODE = YES;
				CLANG_WARN__DUPLICATE_METHOD_MATCH = YES;
				COPY_PHASE_STRIP = NO;
				CURRENT_PROJECT_VERSION = 1;
				DEBUG_INFORMATION_FORMAT = dwarf;
				ENABLE_STRICT_OBJC_MSGSEND = YES;
				ENABLE_TESTABILITY = YES;
				GCC_C_LANGUAGE_STANDARD = gnu11;
				GCC_DYNAMIC_NO_PIC = NO;
				GCC_NO_COMMON_BLOCKS = YES;
				GCC_OPTIMIZATION_LEVEL = 0;
				GCC_PREPROCESSOR_DEFINITIONS = (
					"DEBUG=1",
					"$(inherited)",
				);
				GCC_WARN_64_TO_32_BIT_CONVERSION = YES;
				GCC_WARN_ABOUT_RETURN_TYPE = YES_ERROR;
				GCC_WARN_UNDECLARED_SELECTOR = YES;
				GCC_WARN_UNINITIALIZED_AUTOS = YES_AGGRESSIVE;
				GCC_WARN_UNUSED_FUNCTION = YES;
				GCC_WARN_UNUSED_VARIABLE = YES;
				IPHONEOS_DEPLOYMENT_TARGET = 13.2;
				MTL_ENABLE_DEBUG_INFO = INCLUDE_SOURCE;
				MTL_FAST_MATH = YES;
				ONLY_ACTIVE_ARCH = YES;
				SDKROOT = iphoneos;
				SWIFT_ACTIVE_COMPILATION_CONDITIONS = DEBUG;
				SWIFT_OPTIMIZATION_LEVEL = "-Onone";
				VERSIONING_SYSTEM = "apple-generic";
				VERSION_INFO_PREFIX = "";
			};
			name = Debug;
		};
		15C7AEC5241F6204007F14A3 /* Release */ = {
			isa = XCBuildConfiguration;
			buildSettings = {
				ALWAYS_SEARCH_USER_PATHS = NO;
				CLANG_ANALYZER_NONNULL = YES;
				CLANG_ANALYZER_NUMBER_OBJECT_CONVERSION = YES_AGGRESSIVE;
				CLANG_CXX_LANGUAGE_STANDARD = "gnu++14";
				CLANG_CXX_LIBRARY = "libc++";
				CLANG_ENABLE_MODULES = YES;
				CLANG_ENABLE_OBJC_ARC = YES;
				CLANG_ENABLE_OBJC_WEAK = YES;
				CLANG_WARN_BLOCK_CAPTURE_AUTORELEASING = YES;
				CLANG_WARN_BOOL_CONVERSION = YES;
				CLANG_WARN_COMMA = YES;
				CLANG_WARN_CONSTANT_CONVERSION = YES;
				CLANG_WARN_DEPRECATED_OBJC_IMPLEMENTATIONS = YES;
				CLANG_WARN_DIRECT_OBJC_ISA_USAGE = YES_ERROR;
				CLANG_WARN_DOCUMENTATION_COMMENTS = YES;
				CLANG_WARN_EMPTY_BODY = YES;
				CLANG_WARN_ENUM_CONVERSION = YES;
				CLANG_WARN_INFINITE_RECURSION = YES;
				CLANG_WARN_INT_CONVERSION = YES;
				CLANG_WARN_NON_LITERAL_NULL_CONVERSION = YES;
				CLANG_WARN_OBJC_IMPLICIT_RETAIN_SELF = YES;
				CLANG_WARN_OBJC_LITERAL_CONVERSION = YES;
				CLANG_WARN_OBJC_ROOT_CLASS = YES_ERROR;
				CLANG_WARN_RANGE_LOOP_ANALYSIS = YES;
				CLANG_WARN_STRICT_PROTOTYPES = YES;
				CLANG_WARN_SUSPICIOUS_MOVE = YES;
				CLANG_WARN_UNGUARDED_AVAILABILITY = YES_AGGRESSIVE;
				CLANG_WARN_UNREACHABLE_CODE = YES;
				CLANG_WARN__DUPLICATE_METHOD_MATCH = YES;
				COPY_PHASE_STRIP = NO;
				CURRENT_PROJECT_VERSION = 1;
				DEBUG_INFORMATION_FORMAT = "dwarf-with-dsym";
				ENABLE_NS_ASSERTIONS = NO;
				ENABLE_STRICT_OBJC_MSGSEND = YES;
				GCC_C_LANGUAGE_STANDARD = gnu11;
				GCC_NO_COMMON_BLOCKS = YES;
				GCC_WARN_64_TO_32_BIT_CONVERSION = YES;
				GCC_WARN_ABOUT_RETURN_TYPE = YES_ERROR;
				GCC_WARN_UNDECLARED_SELECTOR = YES;
				GCC_WARN_UNINITIALIZED_AUTOS = YES_AGGRESSIVE;
				GCC_WARN_UNUSED_FUNCTION = YES;
				GCC_WARN_UNUSED_VARIABLE = YES;
				IPHONEOS_DEPLOYMENT_TARGET = 13.2;
				MTL_ENABLE_DEBUG_INFO = NO;
				MTL_FAST_MATH = YES;
				SDKROOT = iphoneos;
				SWIFT_COMPILATION_MODE = wholemodule;
				SWIFT_OPTIMIZATION_LEVEL = "-O";
				VALIDATE_PRODUCT = YES;
				VERSIONING_SYSTEM = "apple-generic";
				VERSION_INFO_PREFIX = "";
			};
			name = Release;
		};
		15C7AEC7241F6204007F14A3 /* Debug */ = {
			isa = XCBuildConfiguration;
			buildSettings = {
				CODE_SIGN_IDENTITY = "Apple Development";
				CODE_SIGN_STYLE = Manual;
				DEFINES_MODULE = YES;
				DEVELOPMENT_TEAM = 6RTPJGVKB3;
				DYLIB_COMPATIBILITY_VERSION = 1;
				DYLIB_CURRENT_VERSION = 1;
				DYLIB_INSTALL_NAME_BASE = "@rpath";
				INFOPLIST_FILE = Crush/Info.plist;
				INSTALL_PATH = "$(LOCAL_LIBRARY_DIR)/Frameworks";
				IPHONEOS_DEPLOYMENT_TARGET = 11.0;
				LD_RUNPATH_SEARCH_PATHS = (
					"$(inherited)",
					"@executable_path/Frameworks",
					"@loader_path/Frameworks",
				);
				PRODUCT_BUNDLE_IDENTIFIER = com.ezoushen.Crush;
				PRODUCT_NAME = "$(TARGET_NAME:c99extidentifier)";
				PROVISIONING_PROFILE_SPECIFIER = "";
				"PROVISIONING_PROFILE_SPECIFIER[sdk=macosx*]" = "";
				SKIP_INSTALL = YES;
				SWIFT_VERSION = 5.0;
				TARGETED_DEVICE_FAMILY = "1,2";
			};
			name = Debug;
		};
		15C7AEC8241F6204007F14A3 /* Release */ = {
			isa = XCBuildConfiguration;
			buildSettings = {
				CODE_SIGN_IDENTITY = "Apple Development";
				CODE_SIGN_STYLE = Manual;
				DEFINES_MODULE = YES;
				DEVELOPMENT_TEAM = 6RTPJGVKB3;
				DYLIB_COMPATIBILITY_VERSION = 1;
				DYLIB_CURRENT_VERSION = 1;
				DYLIB_INSTALL_NAME_BASE = "@rpath";
				INFOPLIST_FILE = Crush/Info.plist;
				INSTALL_PATH = "$(LOCAL_LIBRARY_DIR)/Frameworks";
				IPHONEOS_DEPLOYMENT_TARGET = 11.0;
				LD_RUNPATH_SEARCH_PATHS = (
					"$(inherited)",
					"@executable_path/Frameworks",
					"@loader_path/Frameworks",
				);
				PRODUCT_BUNDLE_IDENTIFIER = com.ezoushen.Crush;
				PRODUCT_NAME = "$(TARGET_NAME:c99extidentifier)";
				PROVISIONING_PROFILE_SPECIFIER = "";
				"PROVISIONING_PROFILE_SPECIFIER[sdk=macosx*]" = "";
				SKIP_INSTALL = YES;
				SWIFT_VERSION = 5.0;
				TARGETED_DEVICE_FAMILY = "1,2";
			};
			name = Release;
		};
		15C7AF8C241F62BF007F14A3 /* Debug */ = {
			isa = XCBuildConfiguration;
			buildSettings = {
				ASSETCATALOG_COMPILER_APPICON_NAME = AppIcon;
				CLANG_ENABLE_MODULES = YES;
				CODE_SIGN_IDENTITY = "Apple Development";
				CODE_SIGN_STYLE = Automatic;
				DEVELOPMENT_TEAM = 6RTPJGVKB3;
				INFOPLIST_FILE = Example/Info.plist;
				LD_RUNPATH_SEARCH_PATHS = (
					"$(inherited)",
					"@executable_path/Frameworks",
				);
				PRODUCT_BUNDLE_IDENTIFIER = com.ezoushen.Example;
				PRODUCT_NAME = "$(TARGET_NAME)";
				PROVISIONING_PROFILE_SPECIFIER = "";
				SWIFT_OPTIMIZATION_LEVEL = "-Onone";
				SWIFT_VERSION = 5.0;
				TARGETED_DEVICE_FAMILY = "1,2";
			};
			name = Debug;
		};
		15C7AF8D241F62BF007F14A3 /* Release */ = {
			isa = XCBuildConfiguration;
			buildSettings = {
				ASSETCATALOG_COMPILER_APPICON_NAME = AppIcon;
				CLANG_ENABLE_MODULES = YES;
				CODE_SIGN_IDENTITY = "Apple Development";
				CODE_SIGN_STYLE = Automatic;
				DEVELOPMENT_TEAM = 6RTPJGVKB3;
				INFOPLIST_FILE = Example/Info.plist;
				LD_RUNPATH_SEARCH_PATHS = (
					"$(inherited)",
					"@executable_path/Frameworks",
				);
				PRODUCT_BUNDLE_IDENTIFIER = com.ezoushen.Example;
				PRODUCT_NAME = "$(TARGET_NAME)";
				PROVISIONING_PROFILE_SPECIFIER = "";
				SWIFT_VERSION = 5.0;
				TARGETED_DEVICE_FAMILY = "1,2";
			};
			name = Release;
		};
		15C7AFB8241F6754007F14A3 /* Debug */ = {
			isa = XCBuildConfiguration;
			buildSettings = {
				CODE_SIGN_STYLE = Automatic;
				DEVELOPMENT_TEAM = 6RTPJGVKB3;
				INFOPLIST_FILE = Tests/Info.plist;
				LD_RUNPATH_SEARCH_PATHS = (
					"$(inherited)",
					"@executable_path/Frameworks",
					"@loader_path/Frameworks",
				);
				PRODUCT_BUNDLE_IDENTIFIER = com.ezoushen.Tests;
				PRODUCT_NAME = "$(TARGET_NAME)";
				SWIFT_VERSION = 5.0;
				TARGETED_DEVICE_FAMILY = "1,2";
			};
			name = Debug;
		};
		15C7AFB9241F6754007F14A3 /* Release */ = {
			isa = XCBuildConfiguration;
			buildSettings = {
				CODE_SIGN_STYLE = Automatic;
				DEVELOPMENT_TEAM = 6RTPJGVKB3;
				INFOPLIST_FILE = Tests/Info.plist;
				LD_RUNPATH_SEARCH_PATHS = (
					"$(inherited)",
					"@executable_path/Frameworks",
					"@loader_path/Frameworks",
				);
				PRODUCT_BUNDLE_IDENTIFIER = com.ezoushen.Tests;
				PRODUCT_NAME = "$(TARGET_NAME)";
				SWIFT_VERSION = 5.0;
				TARGETED_DEVICE_FAMILY = "1,2";
			};
			name = Release;
		};
/* End XCBuildConfiguration section */

/* Begin XCConfigurationList section */
		15C7AEAC241F6204007F14A3 /* Build configuration list for PBXProject "Crush" */ = {
			isa = XCConfigurationList;
			buildConfigurations = (
				15C7AEC4241F6204007F14A3 /* Debug */,
				15C7AEC5241F6204007F14A3 /* Release */,
			);
			defaultConfigurationIsVisible = 0;
			defaultConfigurationName = Release;
		};
		15C7AEC6241F6204007F14A3 /* Build configuration list for PBXNativeTarget "Crush" */ = {
			isa = XCConfigurationList;
			buildConfigurations = (
				15C7AEC7241F6204007F14A3 /* Debug */,
				15C7AEC8241F6204007F14A3 /* Release */,
			);
			defaultConfigurationIsVisible = 0;
			defaultConfigurationName = Release;
		};
		15C7AF8B241F62BF007F14A3 /* Build configuration list for PBXNativeTarget "Example" */ = {
			isa = XCConfigurationList;
			buildConfigurations = (
				15C7AF8C241F62BF007F14A3 /* Debug */,
				15C7AF8D241F62BF007F14A3 /* Release */,
			);
			defaultConfigurationIsVisible = 0;
			defaultConfigurationName = Release;
		};
		15C7AFB7241F6754007F14A3 /* Build configuration list for PBXNativeTarget "Tests" */ = {
			isa = XCConfigurationList;
			buildConfigurations = (
				15C7AFB8241F6754007F14A3 /* Debug */,
				15C7AFB9241F6754007F14A3 /* Release */,
			);
			defaultConfigurationIsVisible = 0;
			defaultConfigurationName = Release;
		};
/* End XCConfigurationList section */
	};
	rootObject = 15C7AEA9241F6204007F14A3 /* Project object */;
}
